// !$*UTF8*$!
{
	archiveVersion = 1;
	classes = {
	};
	objectVersion = 50;
	objects = {

/* Begin PBXBuildFile section */
		3C8F903624442FAE00B014AA /* main.c in Sources */ = {isa = PBXBuildFile; fileRef = 3C8F903524442FAE00B014AA /* main.c */; };
		3C8F904124442FE800B014AA /* main.c in Sources */ = {isa = PBXBuildFile; fileRef = 3C8F904024442FE800B014AA /* main.c */; };
		3C8F904C2444300A00B014AA /* main.c in Sources */ = {isa = PBXBuildFile; fileRef = 3C8F904B2444300A00B014AA /* main.c */; };
		3C8F9057244439E600B014AA /* main.c in Sources */ = {isa = PBXBuildFile; fileRef = 3C8F9056244439E600B014AA /* main.c */; };
		3C8F90622444974B00B014AA /* main.c in Sources */ = {isa = PBXBuildFile; fileRef = 3C8F90612444974B00B014AA /* main.c */; };
		3CD8C9822443E3100058E3BC /* main.c in Sources */ = {isa = PBXBuildFile; fileRef = 3CD8C9812443E3100058E3BC /* main.c */; };
		3CD8C98F2443E7820058E3BC /* main.c in Sources */ = {isa = PBXBuildFile; fileRef = 3CD8C98E2443E7820058E3BC /* main.c */; };
		3CD8C99A2443F4540058E3BC /* main.c in Sources */ = {isa = PBXBuildFile; fileRef = 3CD8C9992443F4540058E3BC /* main.c */; };
		62136DE12456636200635818 /* main.c in Sources */ = {isa = PBXBuildFile; fileRef = 62136DE02456636200635818 /* main.c */; };
		62136DEC245925A300635818 /* main.c in Sources */ = {isa = PBXBuildFile; fileRef = 62136DEB245925A300635818 /* main.c */; };
		621CB068246E55CC00C5B463 /* main.c in Sources */ = {isa = PBXBuildFile; fileRef = 621CB067246E55CC00C5B463 /* main.c */; };
		621CB073246E70EA00C5B463 /* main.c in Sources */ = {isa = PBXBuildFile; fileRef = 621CB072246E70EA00C5B463 /* main.c */; };
		6224E0AB2472253B002B1FC1 /* main.c in Sources */ = {isa = PBXBuildFile; fileRef = 6224E0AA2472253B002B1FC1 /* main.c */; };
		6224E0B624737F8F002B1FC1 /* main.c in Sources */ = {isa = PBXBuildFile; fileRef = 6224E0B524737F8F002B1FC1 /* main.c */; };
		628BB17324595B7900B92140 /* main.c in Sources */ = {isa = PBXBuildFile; fileRef = 628BB17224595B7900B92140 /* main.c */; };
		628BB17E2459A1F900B92140 /* main.c in Sources */ = {isa = PBXBuildFile; fileRef = 628BB17D2459A1F900B92140 /* main.c */; };
		62B3B3F2245C18BA0013F4A6 /* main.c in Sources */ = {isa = PBXBuildFile; fileRef = 62B3B3F1245C18BA0013F4A6 /* main.c */; };
		62B3B3FD245C8BCB0013F4A6 /* main.c in Sources */ = {isa = PBXBuildFile; fileRef = 62B3B3FC245C8BCB0013F4A6 /* main.c */; };
		62CA7E02246BA93600083917 /* main.c in Sources */ = {isa = PBXBuildFile; fileRef = 62CA7E01246BA93600083917 /* main.c */; };
		62CA7E0D246BC41800083917 /* main.c in Sources */ = {isa = PBXBuildFile; fileRef = 62CA7E0C246BC41800083917 /* main.c */; };
		62E0A6F72464F4CD00A9A729 /* main.c in Sources */ = {isa = PBXBuildFile; fileRef = 62E0A6F62464F4CD00A9A729 /* main.c */; };
		62E0A702246532C200A9A729 /* main.c in Sources */ = {isa = PBXBuildFile; fileRef = 62E0A701246532C200A9A729 /* main.c */; };
		62E0A70D2465C46000A9A729 /* main.c in Sources */ = {isa = PBXBuildFile; fileRef = 62E0A70C2465C46000A9A729 /* main.c */; };
		62E0A71824667E1C00A9A729 /* main.c in Sources */ = {isa = PBXBuildFile; fileRef = 62E0A71724667E1C00A9A729 /* main.c */; };
		62F2C81B245D7C3800FFA87F /* Queue.c in Sources */ = {isa = PBXBuildFile; fileRef = 62F2C81A245D7C3800FFA87F /* Queue.c */; };
		62F2C81C245D805E00FFA87F /* Queue.c in Sources */ = {isa = PBXBuildFile; fileRef = 62F2C81A245D7C3800FFA87F /* Queue.c */; };
/* End PBXBuildFile section */

/* Begin PBXCopyFilesBuildPhase section */
		3C8F903124442FAE00B014AA /* CopyFiles */ = {
			isa = PBXCopyFilesBuildPhase;
			buildActionMask = 2147483647;
			dstPath = /usr/share/man/man1/;
			dstSubfolderSpec = 0;
			files = (
			);
			runOnlyForDeploymentPostprocessing = 1;
		};
		3C8F903C24442FE800B014AA /* CopyFiles */ = {
			isa = PBXCopyFilesBuildPhase;
			buildActionMask = 2147483647;
			dstPath = /usr/share/man/man1/;
			dstSubfolderSpec = 0;
			files = (
			);
			runOnlyForDeploymentPostprocessing = 1;
		};
		3C8F90472444300A00B014AA /* CopyFiles */ = {
			isa = PBXCopyFilesBuildPhase;
			buildActionMask = 2147483647;
			dstPath = /usr/share/man/man1/;
			dstSubfolderSpec = 0;
			files = (
			);
			runOnlyForDeploymentPostprocessing = 1;
		};
		3C8F9052244439E500B014AA /* CopyFiles */ = {
			isa = PBXCopyFilesBuildPhase;
			buildActionMask = 2147483647;
			dstPath = /usr/share/man/man1/;
			dstSubfolderSpec = 0;
			files = (
			);
			runOnlyForDeploymentPostprocessing = 1;
		};
		3C8F905D2444974B00B014AA /* CopyFiles */ = {
			isa = PBXCopyFilesBuildPhase;
			buildActionMask = 2147483647;
			dstPath = /usr/share/man/man1/;
			dstSubfolderSpec = 0;
			files = (
			);
			runOnlyForDeploymentPostprocessing = 1;
		};
		3CD8C97C2443E3100058E3BC /* CopyFiles */ = {
			isa = PBXCopyFilesBuildPhase;
			buildActionMask = 2147483647;
			dstPath = /usr/share/man/man1/;
			dstSubfolderSpec = 0;
			files = (
			);
			runOnlyForDeploymentPostprocessing = 1;
		};
		3CD8C98A2443E7820058E3BC /* CopyFiles */ = {
			isa = PBXCopyFilesBuildPhase;
			buildActionMask = 2147483647;
			dstPath = /usr/share/man/man1/;
			dstSubfolderSpec = 0;
			files = (
			);
			runOnlyForDeploymentPostprocessing = 1;
		};
		3CD8C9952443F4540058E3BC /* CopyFiles */ = {
			isa = PBXCopyFilesBuildPhase;
			buildActionMask = 2147483647;
			dstPath = /usr/share/man/man1/;
			dstSubfolderSpec = 0;
			files = (
			);
			runOnlyForDeploymentPostprocessing = 1;
		};
		62136DDC2456636200635818 /* CopyFiles */ = {
			isa = PBXCopyFilesBuildPhase;
			buildActionMask = 2147483647;
			dstPath = /usr/share/man/man1/;
			dstSubfolderSpec = 0;
			files = (
			);
			runOnlyForDeploymentPostprocessing = 1;
		};
		62136DE7245925A300635818 /* CopyFiles */ = {
			isa = PBXCopyFilesBuildPhase;
			buildActionMask = 2147483647;
			dstPath = /usr/share/man/man1/;
			dstSubfolderSpec = 0;
			files = (
			);
			runOnlyForDeploymentPostprocessing = 1;
		};
		621CB063246E55CC00C5B463 /* CopyFiles */ = {
			isa = PBXCopyFilesBuildPhase;
			buildActionMask = 2147483647;
			dstPath = /usr/share/man/man1/;
			dstSubfolderSpec = 0;
			files = (
			);
			runOnlyForDeploymentPostprocessing = 1;
		};
		621CB06E246E70EA00C5B463 /* CopyFiles */ = {
			isa = PBXCopyFilesBuildPhase;
			buildActionMask = 2147483647;
			dstPath = /usr/share/man/man1/;
			dstSubfolderSpec = 0;
			files = (
			);
			runOnlyForDeploymentPostprocessing = 1;
		};
		6224E0A62472253B002B1FC1 /* CopyFiles */ = {
			isa = PBXCopyFilesBuildPhase;
			buildActionMask = 2147483647;
			dstPath = /usr/share/man/man1/;
			dstSubfolderSpec = 0;
			files = (
			);
			runOnlyForDeploymentPostprocessing = 1;
		};
		6224E0B124737F8F002B1FC1 /* CopyFiles */ = {
			isa = PBXCopyFilesBuildPhase;
			buildActionMask = 2147483647;
			dstPath = /usr/share/man/man1/;
			dstSubfolderSpec = 0;
			files = (
			);
			runOnlyForDeploymentPostprocessing = 1;
		};
		628BB16E24595B7900B92140 /* CopyFiles */ = {
			isa = PBXCopyFilesBuildPhase;
			buildActionMask = 2147483647;
			dstPath = /usr/share/man/man1/;
			dstSubfolderSpec = 0;
			files = (
			);
			runOnlyForDeploymentPostprocessing = 1;
		};
		628BB1792459A1F900B92140 /* CopyFiles */ = {
			isa = PBXCopyFilesBuildPhase;
			buildActionMask = 2147483647;
			dstPath = /usr/share/man/man1/;
			dstSubfolderSpec = 0;
			files = (
			);
			runOnlyForDeploymentPostprocessing = 1;
		};
		62B3B3ED245C18BA0013F4A6 /* CopyFiles */ = {
			isa = PBXCopyFilesBuildPhase;
			buildActionMask = 2147483647;
			dstPath = /usr/share/man/man1/;
			dstSubfolderSpec = 0;
			files = (
			);
			runOnlyForDeploymentPostprocessing = 1;
		};
		62B3B3F8245C8BCB0013F4A6 /* CopyFiles */ = {
			isa = PBXCopyFilesBuildPhase;
			buildActionMask = 2147483647;
			dstPath = /usr/share/man/man1/;
			dstSubfolderSpec = 0;
			files = (
			);
			runOnlyForDeploymentPostprocessing = 1;
		};
		62CA7DFD246BA93600083917 /* CopyFiles */ = {
			isa = PBXCopyFilesBuildPhase;
			buildActionMask = 2147483647;
			dstPath = /usr/share/man/man1/;
			dstSubfolderSpec = 0;
			files = (
			);
			runOnlyForDeploymentPostprocessing = 1;
		};
		62CA7E08246BC41800083917 /* CopyFiles */ = {
			isa = PBXCopyFilesBuildPhase;
			buildActionMask = 2147483647;
			dstPath = /usr/share/man/man1/;
			dstSubfolderSpec = 0;
			files = (
			);
			runOnlyForDeploymentPostprocessing = 1;
		};
		62E0A6F22464F4CD00A9A729 /* CopyFiles */ = {
			isa = PBXCopyFilesBuildPhase;
			buildActionMask = 2147483647;
			dstPath = /usr/share/man/man1/;
			dstSubfolderSpec = 0;
			files = (
			);
			runOnlyForDeploymentPostprocessing = 1;
		};
		62E0A6FD246532C200A9A729 /* CopyFiles */ = {
			isa = PBXCopyFilesBuildPhase;
			buildActionMask = 2147483647;
			dstPath = /usr/share/man/man1/;
			dstSubfolderSpec = 0;
			files = (
			);
			runOnlyForDeploymentPostprocessing = 1;
		};
		62E0A7082465C46000A9A729 /* CopyFiles */ = {
			isa = PBXCopyFilesBuildPhase;
			buildActionMask = 2147483647;
			dstPath = /usr/share/man/man1/;
			dstSubfolderSpec = 0;
			files = (
			);
			runOnlyForDeploymentPostprocessing = 1;
		};
		62E0A71324667E1C00A9A729 /* CopyFiles */ = {
			isa = PBXCopyFilesBuildPhase;
			buildActionMask = 2147483647;
			dstPath = /usr/share/man/man1/;
			dstSubfolderSpec = 0;
			files = (
			);
			runOnlyForDeploymentPostprocessing = 1;
		};
/* End PBXCopyFilesBuildPhase section */

/* Begin PBXFileReference section */
		3C8F903324442FAE00B014AA /* CircleLinkList */ = {isa = PBXFileReference; explicitFileType = "compiled.mach-o.executable"; includeInIndex = 0; path = CircleLinkList; sourceTree = BUILT_PRODUCTS_DIR; };
		3C8F903524442FAE00B014AA /* main.c */ = {isa = PBXFileReference; lastKnownFileType = sourcecode.c.c; path = main.c; sourceTree = "<group>"; };
		3C8F903E24442FE800B014AA /* DoublyLinkList */ = {isa = PBXFileReference; explicitFileType = "compiled.mach-o.executable"; includeInIndex = 0; path = DoublyLinkList; sourceTree = BUILT_PRODUCTS_DIR; };
		3C8F904024442FE800B014AA /* main.c */ = {isa = PBXFileReference; lastKnownFileType = sourcecode.c.c; path = main.c; sourceTree = "<group>"; };
		3C8F90492444300A00B014AA /* DoublyCircleLinkList */ = {isa = PBXFileReference; explicitFileType = "compiled.mach-o.executable"; includeInIndex = 0; path = DoublyCircleLinkList; sourceTree = BUILT_PRODUCTS_DIR; };
		3C8F904B2444300A00B014AA /* main.c */ = {isa = PBXFileReference; lastKnownFileType = sourcecode.c.c; path = main.c; sourceTree = "<group>"; };
		3C8F9054244439E600B014AA /* Queue */ = {isa = PBXFileReference; explicitFileType = "compiled.mach-o.executable"; includeInIndex = 0; path = Queue; sourceTree = BUILT_PRODUCTS_DIR; };
		3C8F9056244439E600B014AA /* main.c */ = {isa = PBXFileReference; lastKnownFileType = sourcecode.c.c; path = main.c; sourceTree = "<group>"; };
		3C8F905F2444974B00B014AA /* LinkQueue */ = {isa = PBXFileReference; explicitFileType = "compiled.mach-o.executable"; includeInIndex = 0; path = LinkQueue; sourceTree = BUILT_PRODUCTS_DIR; };
		3C8F90612444974B00B014AA /* main.c */ = {isa = PBXFileReference; lastKnownFileType = sourcecode.c.c; path = main.c; sourceTree = "<group>"; };
		3CD8C97E2443E3100058E3BC /* DataStructuresDemo */ = {isa = PBXFileReference; explicitFileType = "compiled.mach-o.executable"; includeInIndex = 0; path = DataStructuresDemo; sourceTree = BUILT_PRODUCTS_DIR; };
		3CD8C9812443E3100058E3BC /* main.c */ = {isa = PBXFileReference; lastKnownFileType = sourcecode.c.c; path = main.c; sourceTree = "<group>"; };
		3CD8C98C2443E7820058E3BC /* StackDemo */ = {isa = PBXFileReference; explicitFileType = "compiled.mach-o.executable"; includeInIndex = 0; path = StackDemo; sourceTree = BUILT_PRODUCTS_DIR; };
		3CD8C98E2443E7820058E3BC /* main.c */ = {isa = PBXFileReference; lastKnownFileType = sourcecode.c.c; path = main.c; sourceTree = "<group>"; };
		3CD8C9972443F4540058E3BC /* LinkStackDemo */ = {isa = PBXFileReference; explicitFileType = "compiled.mach-o.executable"; includeInIndex = 0; path = LinkStackDemo; sourceTree = BUILT_PRODUCTS_DIR; };
		3CD8C9992443F4540058E3BC /* main.c */ = {isa = PBXFileReference; lastKnownFileType = sourcecode.c.c; path = main.c; sourceTree = "<group>"; };
		62136DDE2456636200635818 /* SqBiTree Demo */ = {isa = PBXFileReference; explicitFileType = "compiled.mach-o.executable"; includeInIndex = 0; path = "SqBiTree Demo"; sourceTree = BUILT_PRODUCTS_DIR; };
		62136DE02456636200635818 /* main.c */ = {isa = PBXFileReference; lastKnownFileType = sourcecode.c.c; path = main.c; sourceTree = "<group>"; };
		62136DE9245925A300635818 /* LinkBiTreeDemo */ = {isa = PBXFileReference; explicitFileType = "compiled.mach-o.executable"; includeInIndex = 0; path = LinkBiTreeDemo; sourceTree = BUILT_PRODUCTS_DIR; };
		62136DEB245925A300635818 /* main.c */ = {isa = PBXFileReference; lastKnownFileType = sourcecode.c.c; path = main.c; sourceTree = "<group>"; };
		621CB065246E55CC00C5B463 /* SSTableDemo */ = {isa = PBXFileReference; explicitFileType = "compiled.mach-o.executable"; includeInIndex = 0; path = SSTableDemo; sourceTree = BUILT_PRODUCTS_DIR; };
		621CB067246E55CC00C5B463 /* main.c */ = {isa = PBXFileReference; lastKnownFileType = sourcecode.c.c; path = main.c; sourceTree = "<group>"; };
		621CB070246E70EA00C5B463 /* DynamicSearchTableDemo */ = {isa = PBXFileReference; explicitFileType = "compiled.mach-o.executable"; includeInIndex = 0; path = DynamicSearchTableDemo; sourceTree = BUILT_PRODUCTS_DIR; };
		621CB072246E70EA00C5B463 /* main.c */ = {isa = PBXFileReference; lastKnownFileType = sourcecode.c.c; path = main.c; sourceTree = "<group>"; };
		6224E0A82472253B002B1FC1 /* BalancedBinaryTreeDemo */ = {isa = PBXFileReference; explicitFileType = "compiled.mach-o.executable"; includeInIndex = 0; path = BalancedBinaryTreeDemo; sourceTree = BUILT_PRODUCTS_DIR; };
		6224E0AA2472253B002B1FC1 /* main.c */ = {isa = PBXFileReference; lastKnownFileType = sourcecode.c.c; path = main.c; sourceTree = "<group>"; };
		6224E0B324737F8F002B1FC1 /* SortDemo */ = {isa = PBXFileReference; explicitFileType = "compiled.mach-o.executable"; includeInIndex = 0; path = SortDemo; sourceTree = BUILT_PRODUCTS_DIR; };
		6224E0B524737F8F002B1FC1 /* main.c */ = {isa = PBXFileReference; lastKnownFileType = sourcecode.c.c; path = main.c; sourceTree = "<group>"; };
		628BB17024595B7900B92140 /* ThreadBiTree */ = {isa = PBXFileReference; explicitFileType = "compiled.mach-o.executable"; includeInIndex = 0; path = ThreadBiTree; sourceTree = BUILT_PRODUCTS_DIR; };
		628BB17224595B7900B92140 /* main.c */ = {isa = PBXFileReference; lastKnownFileType = sourcecode.c.c; path = main.c; sourceTree = "<group>"; };
		628BB17B2459A1F900B92140 /* HaffTreeDemo */ = {isa = PBXFileReference; explicitFileType = "compiled.mach-o.executable"; includeInIndex = 0; path = HaffTreeDemo; sourceTree = BUILT_PRODUCTS_DIR; };
		628BB17D2459A1F900B92140 /* main.c */ = {isa = PBXFileReference; lastKnownFileType = sourcecode.c.c; path = main.c; sourceTree = "<group>"; };
		62B3B3EF245C18BA0013F4A6 /* MGraphDemo */ = {isa = PBXFileReference; explicitFileType = "compiled.mach-o.executable"; includeInIndex = 0; path = MGraphDemo; sourceTree = BUILT_PRODUCTS_DIR; };
		62B3B3F1245C18BA0013F4A6 /* main.c */ = {isa = PBXFileReference; lastKnownFileType = sourcecode.c.c; path = main.c; sourceTree = "<group>"; };
		62B3B3FA245C8BCB0013F4A6 /* ALGraphDemo */ = {isa = PBXFileReference; explicitFileType = "compiled.mach-o.executable"; includeInIndex = 0; path = ALGraphDemo; sourceTree = BUILT_PRODUCTS_DIR; };
		62B3B3FC245C8BCB0013F4A6 /* main.c */ = {isa = PBXFileReference; lastKnownFileType = sourcecode.c.c; path = main.c; sourceTree = "<group>"; };
		62CA7DFF246BA93600083917 /* TopologicalSortDemo */ = {isa = PBXFileReference; explicitFileType = "compiled.mach-o.executable"; includeInIndex = 0; path = TopologicalSortDemo; sourceTree = BUILT_PRODUCTS_DIR; };
		62CA7E01246BA93600083917 /* main.c */ = {isa = PBXFileReference; lastKnownFileType = sourcecode.c.c; path = main.c; sourceTree = "<group>"; };
		62CA7E0A246BC41800083917 /* CriticalPathDemo */ = {isa = PBXFileReference; explicitFileType = "compiled.mach-o.executable"; includeInIndex = 0; path = CriticalPathDemo; sourceTree = BUILT_PRODUCTS_DIR; };
		62CA7E0C246BC41800083917 /* main.c */ = {isa = PBXFileReference; lastKnownFileType = sourcecode.c.c; path = main.c; sourceTree = "<group>"; };
		62E0A6F42464F4CD00A9A729 /* PrimDemo */ = {isa = PBXFileReference; explicitFileType = "compiled.mach-o.executable"; includeInIndex = 0; path = PrimDemo; sourceTree = BUILT_PRODUCTS_DIR; };
		62E0A6F62464F4CD00A9A729 /* main.c */ = {isa = PBXFileReference; lastKnownFileType = sourcecode.c.c; path = main.c; sourceTree = "<group>"; };
		62E0A6FF246532C200A9A729 /* KruskalDemo */ = {isa = PBXFileReference; explicitFileType = "compiled.mach-o.executable"; includeInIndex = 0; path = KruskalDemo; sourceTree = BUILT_PRODUCTS_DIR; };
		62E0A701246532C200A9A729 /* main.c */ = {isa = PBXFileReference; lastKnownFileType = sourcecode.c.c; path = main.c; sourceTree = "<group>"; };
		62E0A70A2465C46000A9A729 /* DijkstraDemo */ = {isa = PBXFileReference; explicitFileType = "compiled.mach-o.executable"; includeInIndex = 0; path = DijkstraDemo; sourceTree = BUILT_PRODUCTS_DIR; };
		62E0A70C2465C46000A9A729 /* main.c */ = {isa = PBXFileReference; lastKnownFileType = sourcecode.c.c; path = main.c; sourceTree = "<group>"; };
		62E0A71524667E1C00A9A729 /* FloydDemo */ = {isa = PBXFileReference; explicitFileType = "compiled.mach-o.executable"; includeInIndex = 0; path = FloydDemo; sourceTree = BUILT_PRODUCTS_DIR; };
		62E0A71724667E1C00A9A729 /* main.c */ = {isa = PBXFileReference; lastKnownFileType = sourcecode.c.c; path = main.c; sourceTree = "<group>"; };
		62F2C819245D7C3800FFA87F /* Queue.h */ = {isa = PBXFileReference; lastKnownFileType = sourcecode.c.h; path = Queue.h; sourceTree = "<group>"; };
		62F2C81A245D7C3800FFA87F /* Queue.c */ = {isa = PBXFileReference; lastKnownFileType = sourcecode.c.c; path = Queue.c; sourceTree = "<group>"; };
/* End PBXFileReference section */

/* Begin PBXFrameworksBuildPhase section */
		3C8F903024442FAE00B014AA /* Frameworks */ = {
			isa = PBXFrameworksBuildPhase;
			buildActionMask = 2147483647;
			files = (
			);
			runOnlyForDeploymentPostprocessing = 0;
		};
		3C8F903B24442FE800B014AA /* Frameworks */ = {
			isa = PBXFrameworksBuildPhase;
			buildActionMask = 2147483647;
			files = (
			);
			runOnlyForDeploymentPostprocessing = 0;
		};
		3C8F90462444300A00B014AA /* Frameworks */ = {
			isa = PBXFrameworksBuildPhase;
			buildActionMask = 2147483647;
			files = (
			);
			runOnlyForDeploymentPostprocessing = 0;
		};
		3C8F9051244439E500B014AA /* Frameworks */ = {
			isa = PBXFrameworksBuildPhase;
			buildActionMask = 2147483647;
			files = (
			);
			runOnlyForDeploymentPostprocessing = 0;
		};
		3C8F905C2444974B00B014AA /* Frameworks */ = {
			isa = PBXFrameworksBuildPhase;
			buildActionMask = 2147483647;
			files = (
			);
			runOnlyForDeploymentPostprocessing = 0;
		};
		3CD8C97B2443E3100058E3BC /* Frameworks */ = {
			isa = PBXFrameworksBuildPhase;
			buildActionMask = 2147483647;
			files = (
			);
			runOnlyForDeploymentPostprocessing = 0;
		};
		3CD8C9892443E7820058E3BC /* Frameworks */ = {
			isa = PBXFrameworksBuildPhase;
			buildActionMask = 2147483647;
			files = (
			);
			runOnlyForDeploymentPostprocessing = 0;
		};
		3CD8C9942443F4540058E3BC /* Frameworks */ = {
			isa = PBXFrameworksBuildPhase;
			buildActionMask = 2147483647;
			files = (
			);
			runOnlyForDeploymentPostprocessing = 0;
		};
		62136DDB2456636200635818 /* Frameworks */ = {
			isa = PBXFrameworksBuildPhase;
			buildActionMask = 2147483647;
			files = (
			);
			runOnlyForDeploymentPostprocessing = 0;
		};
		62136DE6245925A300635818 /* Frameworks */ = {
			isa = PBXFrameworksBuildPhase;
			buildActionMask = 2147483647;
			files = (
			);
			runOnlyForDeploymentPostprocessing = 0;
		};
		621CB062246E55CC00C5B463 /* Frameworks */ = {
			isa = PBXFrameworksBuildPhase;
			buildActionMask = 2147483647;
			files = (
			);
			runOnlyForDeploymentPostprocessing = 0;
		};
		621CB06D246E70EA00C5B463 /* Frameworks */ = {
			isa = PBXFrameworksBuildPhase;
			buildActionMask = 2147483647;
			files = (
			);
			runOnlyForDeploymentPostprocessing = 0;
		};
		6224E0A52472253B002B1FC1 /* Frameworks */ = {
			isa = PBXFrameworksBuildPhase;
			buildActionMask = 2147483647;
			files = (
			);
			runOnlyForDeploymentPostprocessing = 0;
		};
		6224E0B024737F8F002B1FC1 /* Frameworks */ = {
			isa = PBXFrameworksBuildPhase;
			buildActionMask = 2147483647;
			files = (
			);
			runOnlyForDeploymentPostprocessing = 0;
		};
		628BB16D24595B7900B92140 /* Frameworks */ = {
			isa = PBXFrameworksBuildPhase;
			buildActionMask = 2147483647;
			files = (
			);
			runOnlyForDeploymentPostprocessing = 0;
		};
		628BB1782459A1F900B92140 /* Frameworks */ = {
			isa = PBXFrameworksBuildPhase;
			buildActionMask = 2147483647;
			files = (
			);
			runOnlyForDeploymentPostprocessing = 0;
		};
		62B3B3EC245C18BA0013F4A6 /* Frameworks */ = {
			isa = PBXFrameworksBuildPhase;
			buildActionMask = 2147483647;
			files = (
			);
			runOnlyForDeploymentPostprocessing = 0;
		};
		62B3B3F7245C8BCB0013F4A6 /* Frameworks */ = {
			isa = PBXFrameworksBuildPhase;
			buildActionMask = 2147483647;
			files = (
			);
			runOnlyForDeploymentPostprocessing = 0;
		};
		62CA7DFC246BA93600083917 /* Frameworks */ = {
			isa = PBXFrameworksBuildPhase;
			buildActionMask = 2147483647;
			files = (
			);
			runOnlyForDeploymentPostprocessing = 0;
		};
		62CA7E07246BC41800083917 /* Frameworks */ = {
			isa = PBXFrameworksBuildPhase;
			buildActionMask = 2147483647;
			files = (
			);
			runOnlyForDeploymentPostprocessing = 0;
		};
		62E0A6F12464F4CD00A9A729 /* Frameworks */ = {
			isa = PBXFrameworksBuildPhase;
			buildActionMask = 2147483647;
			files = (
			);
			runOnlyForDeploymentPostprocessing = 0;
		};
		62E0A6FC246532C200A9A729 /* Frameworks */ = {
			isa = PBXFrameworksBuildPhase;
			buildActionMask = 2147483647;
			files = (
			);
			runOnlyForDeploymentPostprocessing = 0;
		};
		62E0A7072465C46000A9A729 /* Frameworks */ = {
			isa = PBXFrameworksBuildPhase;
			buildActionMask = 2147483647;
			files = (
			);
			runOnlyForDeploymentPostprocessing = 0;
		};
		62E0A71224667E1C00A9A729 /* Frameworks */ = {
			isa = PBXFrameworksBuildPhase;
			buildActionMask = 2147483647;
			files = (
			);
			runOnlyForDeploymentPostprocessing = 0;
		};
/* End PBXFrameworksBuildPhase section */

/* Begin PBXGroup section */
		3C8F903424442FAE00B014AA /* CircleLinkList */ = {
			isa = PBXGroup;
			children = (
				3C8F903524442FAE00B014AA /* main.c */,
			);
			path = CircleLinkList;
			sourceTree = "<group>";
		};
		3C8F903F24442FE800B014AA /* DoublyLinkList */ = {
			isa = PBXGroup;
			children = (
				3C8F904024442FE800B014AA /* main.c */,
			);
			path = DoublyLinkList;
			sourceTree = "<group>";
		};
		3C8F904A2444300A00B014AA /* DoublyCircleLinkList */ = {
			isa = PBXGroup;
			children = (
				3C8F904B2444300A00B014AA /* main.c */,
			);
			path = DoublyCircleLinkList;
			sourceTree = "<group>";
		};
		3C8F9055244439E600B014AA /* Queue */ = {
			isa = PBXGroup;
			children = (
				3C8F9056244439E600B014AA /* main.c */,
			);
			path = Queue;
			sourceTree = "<group>";
		};
		3C8F90602444974B00B014AA /* LinkQueue */ = {
			isa = PBXGroup;
			children = (
				3C8F90612444974B00B014AA /* main.c */,
			);
			path = LinkQueue;
			sourceTree = "<group>";
		};
		3CD8C9752443E3100058E3BC = {
			isa = PBXGroup;
			children = (
				3CD8C9802443E3100058E3BC /* DataStructuresDemo */,
				3C8F903424442FAE00B014AA /* CircleLinkList */,
				3C8F903F24442FE800B014AA /* DoublyLinkList */,
				3C8F904A2444300A00B014AA /* DoublyCircleLinkList */,
				3CD8C98D2443E7820058E3BC /* StackDemo */,
				3CD8C9982443F4540058E3BC /* LinkStackDemo */,
				3C8F9055244439E600B014AA /* Queue */,
				3C8F90602444974B00B014AA /* LinkQueue */,
				62136DDF2456636200635818 /* SqBiTree Demo */,
				62136DEA245925A300635818 /* LinkBiTreeDemo */,
				628BB17124595B7900B92140 /* ThreadBiTree */,
				628BB17C2459A1F900B92140 /* HaffTreeDemo */,
				62B3B3F0245C18BA0013F4A6 /* MGraphDemo */,
				62B3B3FB245C8BCB0013F4A6 /* ALGraphDemo */,
				62E0A6F52464F4CD00A9A729 /* PrimDemo */,
				62E0A700246532C200A9A729 /* KruskalDemo */,
				62E0A70B2465C46000A9A729 /* DijkstraDemo */,
				62E0A71624667E1C00A9A729 /* FloydDemo */,
				62CA7E00246BA93600083917 /* TopologicalSortDemo */,
				62CA7E0B246BC41800083917 /* CriticalPathDemo */,
				621CB066246E55CC00C5B463 /* SSTableDemo */,
				621CB071246E70EA00C5B463 /* DynamicSearchTableDemo */,
				6224E0A92472253B002B1FC1 /* BalancedBinaryTreeDemo */,
				6224E0B424737F8F002B1FC1 /* SortDemo */,
				3CD8C97F2443E3100058E3BC /* Products */,
			);
			sourceTree = "<group>";
		};
		3CD8C97F2443E3100058E3BC /* Products */ = {
			isa = PBXGroup;
			children = (
				3CD8C97E2443E3100058E3BC /* DataStructuresDemo */,
				3CD8C98C2443E7820058E3BC /* StackDemo */,
				3CD8C9972443F4540058E3BC /* LinkStackDemo */,
				3C8F903324442FAE00B014AA /* CircleLinkList */,
				3C8F903E24442FE800B014AA /* DoublyLinkList */,
				3C8F90492444300A00B014AA /* DoublyCircleLinkList */,
				3C8F9054244439E600B014AA /* Queue */,
				3C8F905F2444974B00B014AA /* LinkQueue */,
				62136DDE2456636200635818 /* SqBiTree Demo */,
				62136DE9245925A300635818 /* LinkBiTreeDemo */,
				628BB17024595B7900B92140 /* ThreadBiTree */,
				628BB17B2459A1F900B92140 /* HaffTreeDemo */,
				62B3B3EF245C18BA0013F4A6 /* MGraphDemo */,
				62B3B3FA245C8BCB0013F4A6 /* ALGraphDemo */,
				62E0A6F42464F4CD00A9A729 /* PrimDemo */,
				62E0A6FF246532C200A9A729 /* KruskalDemo */,
				62E0A70A2465C46000A9A729 /* DijkstraDemo */,
				62E0A71524667E1C00A9A729 /* FloydDemo */,
				62CA7DFF246BA93600083917 /* TopologicalSortDemo */,
				62CA7E0A246BC41800083917 /* CriticalPathDemo */,
				621CB065246E55CC00C5B463 /* SSTableDemo */,
				621CB070246E70EA00C5B463 /* DynamicSearchTableDemo */,
				6224E0A82472253B002B1FC1 /* BalancedBinaryTreeDemo */,
				6224E0B324737F8F002B1FC1 /* SortDemo */,
			);
			name = Products;
			sourceTree = "<group>";
		};
		3CD8C9802443E3100058E3BC /* DataStructuresDemo */ = {
			isa = PBXGroup;
			children = (
				3CD8C9812443E3100058E3BC /* main.c */,
			);
			path = DataStructuresDemo;
			sourceTree = "<group>";
		};
		3CD8C98D2443E7820058E3BC /* StackDemo */ = {
			isa = PBXGroup;
			children = (
				3CD8C98E2443E7820058E3BC /* main.c */,
			);
			path = StackDemo;
			sourceTree = "<group>";
		};
		3CD8C9982443F4540058E3BC /* LinkStackDemo */ = {
			isa = PBXGroup;
			children = (
				3CD8C9992443F4540058E3BC /* main.c */,
			);
			path = LinkStackDemo;
			sourceTree = "<group>";
		};
		62136DDF2456636200635818 /* SqBiTree Demo */ = {
			isa = PBXGroup;
			children = (
				62136DE02456636200635818 /* main.c */,
			);
			path = "SqBiTree Demo";
			sourceTree = "<group>";
		};
		62136DEA245925A300635818 /* LinkBiTreeDemo */ = {
			isa = PBXGroup;
			children = (
				62136DEB245925A300635818 /* main.c */,
			);
			path = LinkBiTreeDemo;
			sourceTree = "<group>";
		};
		621CB066246E55CC00C5B463 /* SSTableDemo */ = {
			isa = PBXGroup;
			children = (
				621CB067246E55CC00C5B463 /* main.c */,
			);
			path = SSTableDemo;
			sourceTree = "<group>";
		};
		621CB071246E70EA00C5B463 /* DynamicSearchTableDemo */ = {
			isa = PBXGroup;
			children = (
				621CB072246E70EA00C5B463 /* main.c */,
			);
			path = DynamicSearchTableDemo;
			sourceTree = "<group>";
		};
		6224E0A92472253B002B1FC1 /* BalancedBinaryTreeDemo */ = {
			isa = PBXGroup;
			children = (
				6224E0AA2472253B002B1FC1 /* main.c */,
			);
			path = BalancedBinaryTreeDemo;
			sourceTree = "<group>";
		};
		6224E0B424737F8F002B1FC1 /* SortDemo */ = {
			isa = PBXGroup;
			children = (
				6224E0B524737F8F002B1FC1 /* main.c */,
			);
			path = SortDemo;
			sourceTree = "<group>";
		};
		628BB17124595B7900B92140 /* ThreadBiTree */ = {
			isa = PBXGroup;
			children = (
				628BB17224595B7900B92140 /* main.c */,
			);
			path = ThreadBiTree;
			sourceTree = "<group>";
		};
		628BB17C2459A1F900B92140 /* HaffTreeDemo */ = {
			isa = PBXGroup;
			children = (
				628BB17D2459A1F900B92140 /* main.c */,
			);
			path = HaffTreeDemo;
			sourceTree = "<group>";
		};
		62B3B3F0245C18BA0013F4A6 /* MGraphDemo */ = {
			isa = PBXGroup;
			children = (
				62B3B3F1245C18BA0013F4A6 /* main.c */,
				62F2C819245D7C3800FFA87F /* Queue.h */,
				62F2C81A245D7C3800FFA87F /* Queue.c */,
			);
			path = MGraphDemo;
			sourceTree = "<group>";
		};
		62B3B3FB245C8BCB0013F4A6 /* ALGraphDemo */ = {
			isa = PBXGroup;
			children = (
				62B3B3FC245C8BCB0013F4A6 /* main.c */,
			);
			path = ALGraphDemo;
			sourceTree = "<group>";
		};
		62CA7E00246BA93600083917 /* TopologicalSortDemo */ = {
			isa = PBXGroup;
			children = (
				62CA7E01246BA93600083917 /* main.c */,
			);
			path = TopologicalSortDemo;
			sourceTree = "<group>";
		};
		62CA7E0B246BC41800083917 /* CriticalPathDemo */ = {
			isa = PBXGroup;
			children = (
				62CA7E0C246BC41800083917 /* main.c */,
			);
			path = CriticalPathDemo;
			sourceTree = "<group>";
		};
		62E0A6F52464F4CD00A9A729 /* PrimDemo */ = {
			isa = PBXGroup;
			children = (
				62E0A6F62464F4CD00A9A729 /* main.c */,
			);
			path = PrimDemo;
			sourceTree = "<group>";
		};
		62E0A700246532C200A9A729 /* KruskalDemo */ = {
			isa = PBXGroup;
			children = (
				62E0A701246532C200A9A729 /* main.c */,
			);
			path = KruskalDemo;
			sourceTree = "<group>";
		};
		62E0A70B2465C46000A9A729 /* DijkstraDemo */ = {
			isa = PBXGroup;
			children = (
				62E0A70C2465C46000A9A729 /* main.c */,
			);
			path = DijkstraDemo;
			sourceTree = "<group>";
		};
		62E0A71624667E1C00A9A729 /* FloydDemo */ = {
			isa = PBXGroup;
			children = (
				62E0A71724667E1C00A9A729 /* main.c */,
			);
			path = FloydDemo;
			sourceTree = "<group>";
		};
/* End PBXGroup section */

/* Begin PBXNativeTarget section */
		3C8F903224442FAE00B014AA /* CircleLinkList */ = {
			isa = PBXNativeTarget;
			buildConfigurationList = 3C8F903924442FAE00B014AA /* Build configuration list for PBXNativeTarget "CircleLinkList" */;
			buildPhases = (
				3C8F902F24442FAE00B014AA /* Sources */,
				3C8F903024442FAE00B014AA /* Frameworks */,
				3C8F903124442FAE00B014AA /* CopyFiles */,
			);
			buildRules = (
			);
			dependencies = (
			);
			name = CircleLinkList;
			productName = CircleLinkList;
			productReference = 3C8F903324442FAE00B014AA /* CircleLinkList */;
			productType = "com.apple.product-type.tool";
		};
		3C8F903D24442FE800B014AA /* DoublyLinkList */ = {
			isa = PBXNativeTarget;
			buildConfigurationList = 3C8F904224442FE800B014AA /* Build configuration list for PBXNativeTarget "DoublyLinkList" */;
			buildPhases = (
				3C8F903A24442FE800B014AA /* Sources */,
				3C8F903B24442FE800B014AA /* Frameworks */,
				3C8F903C24442FE800B014AA /* CopyFiles */,
			);
			buildRules = (
			);
			dependencies = (
			);
			name = DoublyLinkList;
			productName = DoublyLinkList;
			productReference = 3C8F903E24442FE800B014AA /* DoublyLinkList */;
			productType = "com.apple.product-type.tool";
		};
		3C8F90482444300A00B014AA /* DoublyCircleLinkList */ = {
			isa = PBXNativeTarget;
			buildConfigurationList = 3C8F904D2444300A00B014AA /* Build configuration list for PBXNativeTarget "DoublyCircleLinkList" */;
			buildPhases = (
				3C8F90452444300A00B014AA /* Sources */,
				3C8F90462444300A00B014AA /* Frameworks */,
				3C8F90472444300A00B014AA /* CopyFiles */,
			);
			buildRules = (
			);
			dependencies = (
			);
			name = DoublyCircleLinkList;
			productName = DoublyCircleLinkList;
			productReference = 3C8F90492444300A00B014AA /* DoublyCircleLinkList */;
			productType = "com.apple.product-type.tool";
		};
		3C8F9053244439E500B014AA /* Queue */ = {
			isa = PBXNativeTarget;
			buildConfigurationList = 3C8F9058244439E600B014AA /* Build configuration list for PBXNativeTarget "Queue" */;
			buildPhases = (
				3C8F9050244439E500B014AA /* Sources */,
				3C8F9051244439E500B014AA /* Frameworks */,
				3C8F9052244439E500B014AA /* CopyFiles */,
			);
			buildRules = (
			);
			dependencies = (
			);
			name = Queue;
			productName = Queue;
			productReference = 3C8F9054244439E600B014AA /* Queue */;
			productType = "com.apple.product-type.tool";
		};
		3C8F905E2444974B00B014AA /* LinkQueue */ = {
			isa = PBXNativeTarget;
			buildConfigurationList = 3C8F90652444974B00B014AA /* Build configuration list for PBXNativeTarget "LinkQueue" */;
			buildPhases = (
				3C8F905B2444974B00B014AA /* Sources */,
				3C8F905C2444974B00B014AA /* Frameworks */,
				3C8F905D2444974B00B014AA /* CopyFiles */,
			);
			buildRules = (
			);
			dependencies = (
			);
			name = LinkQueue;
			productName = LinkQueue;
			productReference = 3C8F905F2444974B00B014AA /* LinkQueue */;
			productType = "com.apple.product-type.tool";
		};
		3CD8C97D2443E3100058E3BC /* DataStructuresDemo */ = {
			isa = PBXNativeTarget;
			buildConfigurationList = 3CD8C9852443E3100058E3BC /* Build configuration list for PBXNativeTarget "DataStructuresDemo" */;
			buildPhases = (
				3CD8C97A2443E3100058E3BC /* Sources */,
				3CD8C97B2443E3100058E3BC /* Frameworks */,
				3CD8C97C2443E3100058E3BC /* CopyFiles */,
			);
			buildRules = (
			);
			dependencies = (
			);
			name = DataStructuresDemo;
			productName = DataStructuresDemo;
			productReference = 3CD8C97E2443E3100058E3BC /* DataStructuresDemo */;
			productType = "com.apple.product-type.tool";
		};
		3CD8C98B2443E7820058E3BC /* StackDemo */ = {
			isa = PBXNativeTarget;
			buildConfigurationList = 3CD8C9902443E7820058E3BC /* Build configuration list for PBXNativeTarget "StackDemo" */;
			buildPhases = (
				3CD8C9882443E7820058E3BC /* Sources */,
				3CD8C9892443E7820058E3BC /* Frameworks */,
				3CD8C98A2443E7820058E3BC /* CopyFiles */,
			);
			buildRules = (
			);
			dependencies = (
			);
			name = StackDemo;
			productName = StackDemo;
			productReference = 3CD8C98C2443E7820058E3BC /* StackDemo */;
			productType = "com.apple.product-type.tool";
		};
		3CD8C9962443F4540058E3BC /* LinkStackDemo */ = {
			isa = PBXNativeTarget;
			buildConfigurationList = 3CD8C99B2443F4540058E3BC /* Build configuration list for PBXNativeTarget "LinkStackDemo" */;
			buildPhases = (
				3CD8C9932443F4540058E3BC /* Sources */,
				3CD8C9942443F4540058E3BC /* Frameworks */,
				3CD8C9952443F4540058E3BC /* CopyFiles */,
			);
			buildRules = (
			);
			dependencies = (
			);
			name = LinkStackDemo;
			productName = LinkStackDemo;
			productReference = 3CD8C9972443F4540058E3BC /* LinkStackDemo */;
			productType = "com.apple.product-type.tool";
		};
		62136DDD2456636200635818 /* SqBiTree Demo */ = {
			isa = PBXNativeTarget;
			buildConfigurationList = 62136DE42456636200635818 /* Build configuration list for PBXNativeTarget "SqBiTree Demo" */;
			buildPhases = (
				62136DDA2456636200635818 /* Sources */,
				62136DDB2456636200635818 /* Frameworks */,
				62136DDC2456636200635818 /* CopyFiles */,
			);
			buildRules = (
			);
			dependencies = (
			);
			name = "SqBiTree Demo";
			productName = "SqBiTree Demo";
			productReference = 62136DDE2456636200635818 /* SqBiTree Demo */;
			productType = "com.apple.product-type.tool";
		};
		62136DE8245925A300635818 /* LinkBiTreeDemo */ = {
			isa = PBXNativeTarget;
			buildConfigurationList = 62136DEF245925A300635818 /* Build configuration list for PBXNativeTarget "LinkBiTreeDemo" */;
			buildPhases = (
				62136DE5245925A300635818 /* Sources */,
				62136DE6245925A300635818 /* Frameworks */,
				62136DE7245925A300635818 /* CopyFiles */,
			);
			buildRules = (
			);
			dependencies = (
			);
			name = LinkBiTreeDemo;
			productName = LinkBiTreeDemo;
			productReference = 62136DE9245925A300635818 /* LinkBiTreeDemo */;
			productType = "com.apple.product-type.tool";
		};
		621CB064246E55CC00C5B463 /* SSTableDemo */ = {
			isa = PBXNativeTarget;
			buildConfigurationList = 621CB06B246E55CC00C5B463 /* Build configuration list for PBXNativeTarget "SSTableDemo" */;
			buildPhases = (
				621CB061246E55CC00C5B463 /* Sources */,
				621CB062246E55CC00C5B463 /* Frameworks */,
				621CB063246E55CC00C5B463 /* CopyFiles */,
			);
			buildRules = (
			);
			dependencies = (
			);
			name = SSTableDemo;
			productName = SSTableDemo;
			productReference = 621CB065246E55CC00C5B463 /* SSTableDemo */;
			productType = "com.apple.product-type.tool";
		};
		621CB06F246E70EA00C5B463 /* DynamicSearchTableDemo */ = {
			isa = PBXNativeTarget;
			buildConfigurationList = 621CB074246E70EA00C5B463 /* Build configuration list for PBXNativeTarget "DynamicSearchTableDemo" */;
			buildPhases = (
				621CB06C246E70EA00C5B463 /* Sources */,
				621CB06D246E70EA00C5B463 /* Frameworks */,
				621CB06E246E70EA00C5B463 /* CopyFiles */,
			);
			buildRules = (
			);
			dependencies = (
			);
			name = DynamicSearchTableDemo;
			productName = DynamicSearchTableDemo;
			productReference = 621CB070246E70EA00C5B463 /* DynamicSearchTableDemo */;
			productType = "com.apple.product-type.tool";
		};
		6224E0A72472253B002B1FC1 /* BalancedBinaryTreeDemo */ = {
			isa = PBXNativeTarget;
			buildConfigurationList = 6224E0AE2472253B002B1FC1 /* Build configuration list for PBXNativeTarget "BalancedBinaryTreeDemo" */;
			buildPhases = (
				6224E0A42472253B002B1FC1 /* Sources */,
				6224E0A52472253B002B1FC1 /* Frameworks */,
				6224E0A62472253B002B1FC1 /* CopyFiles */,
			);
			buildRules = (
			);
			dependencies = (
			);
			name = BalancedBinaryTreeDemo;
			productName = BalancedBinaryTreeDemo;
			productReference = 6224E0A82472253B002B1FC1 /* BalancedBinaryTreeDemo */;
			productType = "com.apple.product-type.tool";
		};
		6224E0B224737F8F002B1FC1 /* SortDemo */ = {
			isa = PBXNativeTarget;
			buildConfigurationList = 6224E0B924737F8F002B1FC1 /* Build configuration list for PBXNativeTarget "SortDemo" */;
			buildPhases = (
				6224E0AF24737F8F002B1FC1 /* Sources */,
				6224E0B024737F8F002B1FC1 /* Frameworks */,
				6224E0B124737F8F002B1FC1 /* CopyFiles */,
			);
			buildRules = (
			);
			dependencies = (
			);
			name = SortDemo;
			productName = SortDemo;
			productReference = 6224E0B324737F8F002B1FC1 /* SortDemo */;
			productType = "com.apple.product-type.tool";
		};
		628BB16F24595B7900B92140 /* ThreadBiTree */ = {
			isa = PBXNativeTarget;
			buildConfigurationList = 628BB17624595B7900B92140 /* Build configuration list for PBXNativeTarget "ThreadBiTree" */;
			buildPhases = (
				628BB16C24595B7900B92140 /* Sources */,
				628BB16D24595B7900B92140 /* Frameworks */,
				628BB16E24595B7900B92140 /* CopyFiles */,
			);
			buildRules = (
			);
			dependencies = (
			);
			name = ThreadBiTree;
			productName = ThreadBiTree;
			productReference = 628BB17024595B7900B92140 /* ThreadBiTree */;
			productType = "com.apple.product-type.tool";
		};
		628BB17A2459A1F900B92140 /* HaffTreeDemo */ = {
			isa = PBXNativeTarget;
			buildConfigurationList = 628BB1812459A1F900B92140 /* Build configuration list for PBXNativeTarget "HaffTreeDemo" */;
			buildPhases = (
				628BB1772459A1F900B92140 /* Sources */,
				628BB1782459A1F900B92140 /* Frameworks */,
				628BB1792459A1F900B92140 /* CopyFiles */,
			);
			buildRules = (
			);
			dependencies = (
			);
			name = HaffTreeDemo;
			productName = HaffTreeDemo;
			productReference = 628BB17B2459A1F900B92140 /* HaffTreeDemo */;
			productType = "com.apple.product-type.tool";
		};
		62B3B3EE245C18BA0013F4A6 /* MGraphDemo */ = {
			isa = PBXNativeTarget;
			buildConfigurationList = 62B3B3F5245C18BA0013F4A6 /* Build configuration list for PBXNativeTarget "MGraphDemo" */;
			buildPhases = (
				62B3B3EB245C18BA0013F4A6 /* Sources */,
				62B3B3EC245C18BA0013F4A6 /* Frameworks */,
				62B3B3ED245C18BA0013F4A6 /* CopyFiles */,
			);
			buildRules = (
			);
			dependencies = (
			);
			name = MGraphDemo;
			productName = MGraphDemo;
			productReference = 62B3B3EF245C18BA0013F4A6 /* MGraphDemo */;
			productType = "com.apple.product-type.tool";
		};
		62B3B3F9245C8BCB0013F4A6 /* ALGraphDemo */ = {
			isa = PBXNativeTarget;
			buildConfigurationList = 62B3B3FE245C8BCB0013F4A6 /* Build configuration list for PBXNativeTarget "ALGraphDemo" */;
			buildPhases = (
				62B3B3F6245C8BCB0013F4A6 /* Sources */,
				62B3B3F7245C8BCB0013F4A6 /* Frameworks */,
				62B3B3F8245C8BCB0013F4A6 /* CopyFiles */,
			);
			buildRules = (
			);
			dependencies = (
			);
			name = ALGraphDemo;
			productName = ALGraphDemo;
			productReference = 62B3B3FA245C8BCB0013F4A6 /* ALGraphDemo */;
			productType = "com.apple.product-type.tool";
		};
		62CA7DFE246BA93600083917 /* TopologicalSortDemo */ = {
			isa = PBXNativeTarget;
			buildConfigurationList = 62CA7E05246BA93600083917 /* Build configuration list for PBXNativeTarget "TopologicalSortDemo" */;
			buildPhases = (
				62CA7DFB246BA93600083917 /* Sources */,
				62CA7DFC246BA93600083917 /* Frameworks */,
				62CA7DFD246BA93600083917 /* CopyFiles */,
			);
			buildRules = (
			);
			dependencies = (
			);
			name = TopologicalSortDemo;
			productName = TopologicalSortDemo;
			productReference = 62CA7DFF246BA93600083917 /* TopologicalSortDemo */;
			productType = "com.apple.product-type.tool";
		};
		62CA7E09246BC41800083917 /* CriticalPathDemo */ = {
			isa = PBXNativeTarget;
			buildConfigurationList = 62CA7E0E246BC41800083917 /* Build configuration list for PBXNativeTarget "CriticalPathDemo" */;
			buildPhases = (
				62CA7E06246BC41800083917 /* Sources */,
				62CA7E07246BC41800083917 /* Frameworks */,
				62CA7E08246BC41800083917 /* CopyFiles */,
			);
			buildRules = (
			);
			dependencies = (
			);
			name = CriticalPathDemo;
			productName = CriticalPathDemo;
			productReference = 62CA7E0A246BC41800083917 /* CriticalPathDemo */;
			productType = "com.apple.product-type.tool";
		};
		62E0A6F32464F4CD00A9A729 /* PrimDemo */ = {
			isa = PBXNativeTarget;
			buildConfigurationList = 62E0A6FA2464F4CD00A9A729 /* Build configuration list for PBXNativeTarget "PrimDemo" */;
			buildPhases = (
				62E0A6F02464F4CD00A9A729 /* Sources */,
				62E0A6F12464F4CD00A9A729 /* Frameworks */,
				62E0A6F22464F4CD00A9A729 /* CopyFiles */,
			);
			buildRules = (
			);
			dependencies = (
			);
			name = PrimDemo;
			productName = PrimDemo;
			productReference = 62E0A6F42464F4CD00A9A729 /* PrimDemo */;
			productType = "com.apple.product-type.tool";
		};
		62E0A6FE246532C200A9A729 /* KruskalDemo */ = {
			isa = PBXNativeTarget;
			buildConfigurationList = 62E0A703246532C200A9A729 /* Build configuration list for PBXNativeTarget "KruskalDemo" */;
			buildPhases = (
				62E0A6FB246532C200A9A729 /* Sources */,
				62E0A6FC246532C200A9A729 /* Frameworks */,
				62E0A6FD246532C200A9A729 /* CopyFiles */,
			);
			buildRules = (
			);
			dependencies = (
			);
			name = KruskalDemo;
			productName = KruskalDemo;
			productReference = 62E0A6FF246532C200A9A729 /* KruskalDemo */;
			productType = "com.apple.product-type.tool";
		};
		62E0A7092465C46000A9A729 /* DijkstraDemo */ = {
			isa = PBXNativeTarget;
			buildConfigurationList = 62E0A7102465C46000A9A729 /* Build configuration list for PBXNativeTarget "DijkstraDemo" */;
			buildPhases = (
				62E0A7062465C46000A9A729 /* Sources */,
				62E0A7072465C46000A9A729 /* Frameworks */,
				62E0A7082465C46000A9A729 /* CopyFiles */,
			);
			buildRules = (
			);
			dependencies = (
			);
			name = DijkstraDemo;
			productName = DijkstraDemo;
			productReference = 62E0A70A2465C46000A9A729 /* DijkstraDemo */;
			productType = "com.apple.product-type.tool";
		};
		62E0A71424667E1C00A9A729 /* FloydDemo */ = {
			isa = PBXNativeTarget;
			buildConfigurationList = 62E0A71924667E1C00A9A729 /* Build configuration list for PBXNativeTarget "FloydDemo" */;
			buildPhases = (
				62E0A71124667E1C00A9A729 /* Sources */,
				62E0A71224667E1C00A9A729 /* Frameworks */,
				62E0A71324667E1C00A9A729 /* CopyFiles */,
			);
			buildRules = (
			);
			dependencies = (
			);
			name = FloydDemo;
			productName = FloydDemo;
			productReference = 62E0A71524667E1C00A9A729 /* FloydDemo */;
			productType = "com.apple.product-type.tool";
		};
/* End PBXNativeTarget section */

/* Begin PBXProject section */
		3CD8C9762443E3100058E3BC /* Project object */ = {
			isa = PBXProject;
			attributes = {
				LastUpgradeCheck = 1140;
				ORGANIZATIONNAME = SK_Wang;
				TargetAttributes = {
					3C8F903224442FAE00B014AA = {
						CreatedOnToolsVersion = 11.4;
					};
					3C8F903D24442FE800B014AA = {
						CreatedOnToolsVersion = 11.4;
					};
					3C8F90482444300A00B014AA = {
						CreatedOnToolsVersion = 11.4;
					};
					3C8F9053244439E500B014AA = {
						CreatedOnToolsVersion = 11.4;
					};
					3C8F905E2444974B00B014AA = {
						CreatedOnToolsVersion = 11.4;
					};
					3CD8C97D2443E3100058E3BC = {
						CreatedOnToolsVersion = 11.4;
					};
					3CD8C98B2443E7820058E3BC = {
						CreatedOnToolsVersion = 11.4;
					};
					3CD8C9962443F4540058E3BC = {
						CreatedOnToolsVersion = 11.4;
					};
					62136DDD2456636200635818 = {
						CreatedOnToolsVersion = 11.4.1;
					};
					62136DE8245925A300635818 = {
						CreatedOnToolsVersion = 11.4.1;
					};
					621CB064246E55CC00C5B463 = {
						CreatedOnToolsVersion = 11.4.1;
					};
					621CB06F246E70EA00C5B463 = {
						CreatedOnToolsVersion = 11.4.1;
					};
					6224E0A72472253B002B1FC1 = {
						CreatedOnToolsVersion = 11.4.1;
					};
					6224E0B224737F8F002B1FC1 = {
						CreatedOnToolsVersion = 11.4.1;
					};
					628BB16F24595B7900B92140 = {
						CreatedOnToolsVersion = 11.4.1;
					};
					628BB17A2459A1F900B92140 = {
						CreatedOnToolsVersion = 11.4.1;
					};
					62B3B3EE245C18BA0013F4A6 = {
						CreatedOnToolsVersion = 11.4.1;
					};
					62B3B3F9245C8BCB0013F4A6 = {
						CreatedOnToolsVersion = 11.4.1;
					};
					62CA7DFE246BA93600083917 = {
						CreatedOnToolsVersion = 11.4.1;
					};
					62CA7E09246BC41800083917 = {
						CreatedOnToolsVersion = 11.4.1;
					};
					62E0A6F32464F4CD00A9A729 = {
						CreatedOnToolsVersion = 11.4.1;
					};
					62E0A6FE246532C200A9A729 = {
						CreatedOnToolsVersion = 11.4.1;
					};
					62E0A7092465C46000A9A729 = {
						CreatedOnToolsVersion = 11.4.1;
					};
					62E0A71424667E1C00A9A729 = {
						CreatedOnToolsVersion = 11.4.1;
					};
				};
			};
			buildConfigurationList = 3CD8C9792443E3100058E3BC /* Build configuration list for PBXProject "DataStructuresDemo" */;
			compatibilityVersion = "Xcode 9.3";
			developmentRegion = en;
			hasScannedForEncodings = 0;
			knownRegions = (
				en,
				Base,
			);
			mainGroup = 3CD8C9752443E3100058E3BC;
			productRefGroup = 3CD8C97F2443E3100058E3BC /* Products */;
			projectDirPath = "";
			projectRoot = "";
			targets = (
				3CD8C97D2443E3100058E3BC /* DataStructuresDemo */,
				3CD8C98B2443E7820058E3BC /* StackDemo */,
				3CD8C9962443F4540058E3BC /* LinkStackDemo */,
				3C8F903224442FAE00B014AA /* CircleLinkList */,
				3C8F903D24442FE800B014AA /* DoublyLinkList */,
				3C8F90482444300A00B014AA /* DoublyCircleLinkList */,
				3C8F9053244439E500B014AA /* Queue */,
				3C8F905E2444974B00B014AA /* LinkQueue */,
				62136DDD2456636200635818 /* SqBiTree Demo */,
				62136DE8245925A300635818 /* LinkBiTreeDemo */,
				628BB16F24595B7900B92140 /* ThreadBiTree */,
				628BB17A2459A1F900B92140 /* HaffTreeDemo */,
				62B3B3EE245C18BA0013F4A6 /* MGraphDemo */,
				62B3B3F9245C8BCB0013F4A6 /* ALGraphDemo */,
				62E0A6F32464F4CD00A9A729 /* PrimDemo */,
				62E0A6FE246532C200A9A729 /* KruskalDemo */,
				62E0A7092465C46000A9A729 /* DijkstraDemo */,
				62E0A71424667E1C00A9A729 /* FloydDemo */,
				62CA7DFE246BA93600083917 /* TopologicalSortDemo */,
				62CA7E09246BC41800083917 /* CriticalPathDemo */,
				621CB064246E55CC00C5B463 /* SSTableDemo */,
				621CB06F246E70EA00C5B463 /* DynamicSearchTableDemo */,
				6224E0A72472253B002B1FC1 /* BalancedBinaryTreeDemo */,
				6224E0B224737F8F002B1FC1 /* SortDemo */,
			);
		};
/* End PBXProject section */

/* Begin PBXSourcesBuildPhase section */
		3C8F902F24442FAE00B014AA /* Sources */ = {
			isa = PBXSourcesBuildPhase;
			buildActionMask = 2147483647;
			files = (
				3C8F903624442FAE00B014AA /* main.c in Sources */,
			);
			runOnlyForDeploymentPostprocessing = 0;
		};
		3C8F903A24442FE800B014AA /* Sources */ = {
			isa = PBXSourcesBuildPhase;
			buildActionMask = 2147483647;
			files = (
				3C8F904124442FE800B014AA /* main.c in Sources */,
			);
			runOnlyForDeploymentPostprocessing = 0;
		};
		3C8F90452444300A00B014AA /* Sources */ = {
			isa = PBXSourcesBuildPhase;
			buildActionMask = 2147483647;
			files = (
				3C8F904C2444300A00B014AA /* main.c in Sources */,
			);
			runOnlyForDeploymentPostprocessing = 0;
		};
		3C8F9050244439E500B014AA /* Sources */ = {
			isa = PBXSourcesBuildPhase;
			buildActionMask = 2147483647;
			files = (
				3C8F9057244439E600B014AA /* main.c in Sources */,
			);
			runOnlyForDeploymentPostprocessing = 0;
		};
		3C8F905B2444974B00B014AA /* Sources */ = {
			isa = PBXSourcesBuildPhase;
			buildActionMask = 2147483647;
			files = (
				3C8F90622444974B00B014AA /* main.c in Sources */,
			);
			runOnlyForDeploymentPostprocessing = 0;
		};
		3CD8C97A2443E3100058E3BC /* Sources */ = {
			isa = PBXSourcesBuildPhase;
			buildActionMask = 2147483647;
			files = (
				3CD8C9822443E3100058E3BC /* main.c in Sources */,
			);
			runOnlyForDeploymentPostprocessing = 0;
		};
		3CD8C9882443E7820058E3BC /* Sources */ = {
			isa = PBXSourcesBuildPhase;
			buildActionMask = 2147483647;
			files = (
				3CD8C98F2443E7820058E3BC /* main.c in Sources */,
			);
			runOnlyForDeploymentPostprocessing = 0;
		};
		3CD8C9932443F4540058E3BC /* Sources */ = {
			isa = PBXSourcesBuildPhase;
			buildActionMask = 2147483647;
			files = (
				3CD8C99A2443F4540058E3BC /* main.c in Sources */,
			);
			runOnlyForDeploymentPostprocessing = 0;
		};
		62136DDA2456636200635818 /* Sources */ = {
			isa = PBXSourcesBuildPhase;
			buildActionMask = 2147483647;
			files = (
				62136DE12456636200635818 /* main.c in Sources */,
			);
			runOnlyForDeploymentPostprocessing = 0;
		};
		62136DE5245925A300635818 /* Sources */ = {
			isa = PBXSourcesBuildPhase;
			buildActionMask = 2147483647;
			files = (
				62136DEC245925A300635818 /* main.c in Sources */,
			);
			runOnlyForDeploymentPostprocessing = 0;
		};
		621CB061246E55CC00C5B463 /* Sources */ = {
			isa = PBXSourcesBuildPhase;
			buildActionMask = 2147483647;
			files = (
				621CB068246E55CC00C5B463 /* main.c in Sources */,
			);
			runOnlyForDeploymentPostprocessing = 0;
		};
		621CB06C246E70EA00C5B463 /* Sources */ = {
			isa = PBXSourcesBuildPhase;
			buildActionMask = 2147483647;
			files = (
				621CB073246E70EA00C5B463 /* main.c in Sources */,
			);
			runOnlyForDeploymentPostprocessing = 0;
		};
		6224E0A42472253B002B1FC1 /* Sources */ = {
			isa = PBXSourcesBuildPhase;
			buildActionMask = 2147483647;
			files = (
				6224E0AB2472253B002B1FC1 /* main.c in Sources */,
			);
			runOnlyForDeploymentPostprocessing = 0;
		};
		6224E0AF24737F8F002B1FC1 /* Sources */ = {
			isa = PBXSourcesBuildPhase;
			buildActionMask = 2147483647;
			files = (
				6224E0B624737F8F002B1FC1 /* main.c in Sources */,
			);
			runOnlyForDeploymentPostprocessing = 0;
		};
		628BB16C24595B7900B92140 /* Sources */ = {
			isa = PBXSourcesBuildPhase;
			buildActionMask = 2147483647;
			files = (
				628BB17324595B7900B92140 /* main.c in Sources */,
			);
			runOnlyForDeploymentPostprocessing = 0;
		};
		628BB1772459A1F900B92140 /* Sources */ = {
			isa = PBXSourcesBuildPhase;
			buildActionMask = 2147483647;
			files = (
				628BB17E2459A1F900B92140 /* main.c in Sources */,
			);
			runOnlyForDeploymentPostprocessing = 0;
		};
		62B3B3EB245C18BA0013F4A6 /* Sources */ = {
			isa = PBXSourcesBuildPhase;
			buildActionMask = 2147483647;
			files = (
				62B3B3F2245C18BA0013F4A6 /* main.c in Sources */,
				62F2C81B245D7C3800FFA87F /* Queue.c in Sources */,
			);
			runOnlyForDeploymentPostprocessing = 0;
		};
		62B3B3F6245C8BCB0013F4A6 /* Sources */ = {
			isa = PBXSourcesBuildPhase;
			buildActionMask = 2147483647;
			files = (
				62B3B3FD245C8BCB0013F4A6 /* main.c in Sources */,
				62F2C81C245D805E00FFA87F /* Queue.c in Sources */,
			);
			runOnlyForDeploymentPostprocessing = 0;
		};
		62CA7DFB246BA93600083917 /* Sources */ = {
			isa = PBXSourcesBuildPhase;
			buildActionMask = 2147483647;
			files = (
				62CA7E02246BA93600083917 /* main.c in Sources */,
			);
			runOnlyForDeploymentPostprocessing = 0;
		};
		62CA7E06246BC41800083917 /* Sources */ = {
			isa = PBXSourcesBuildPhase;
			buildActionMask = 2147483647;
			files = (
				62CA7E0D246BC41800083917 /* main.c in Sources */,
			);
			runOnlyForDeploymentPostprocessing = 0;
		};
		62E0A6F02464F4CD00A9A729 /* Sources */ = {
			isa = PBXSourcesBuildPhase;
			buildActionMask = 2147483647;
			files = (
				62E0A6F72464F4CD00A9A729 /* main.c in Sources */,
			);
			runOnlyForDeploymentPostprocessing = 0;
		};
		62E0A6FB246532C200A9A729 /* Sources */ = {
			isa = PBXSourcesBuildPhase;
			buildActionMask = 2147483647;
			files = (
				62E0A702246532C200A9A729 /* main.c in Sources */,
			);
			runOnlyForDeploymentPostprocessing = 0;
		};
		62E0A7062465C46000A9A729 /* Sources */ = {
			isa = PBXSourcesBuildPhase;
			buildActionMask = 2147483647;
			files = (
				62E0A70D2465C46000A9A729 /* main.c in Sources */,
			);
			runOnlyForDeploymentPostprocessing = 0;
		};
		62E0A71124667E1C00A9A729 /* Sources */ = {
			isa = PBXSourcesBuildPhase;
			buildActionMask = 2147483647;
			files = (
				62E0A71824667E1C00A9A729 /* main.c in Sources */,
			);
			runOnlyForDeploymentPostprocessing = 0;
		};
/* End PBXSourcesBuildPhase section */

/* Begin XCBuildConfiguration section */
		3C8F903724442FAE00B014AA /* Debug */ = {
			isa = XCBuildConfiguration;
			buildSettings = {
				CODE_SIGN_STYLE = Automatic;
				PRODUCT_NAME = "$(TARGET_NAME)";
			};
			name = Debug;
		};
		3C8F903824442FAE00B014AA /* Release */ = {
			isa = XCBuildConfiguration;
			buildSettings = {
				CODE_SIGN_STYLE = Automatic;
				PRODUCT_NAME = "$(TARGET_NAME)";
			};
			name = Release;
		};
		3C8F904324442FE800B014AA /* Debug */ = {
			isa = XCBuildConfiguration;
			buildSettings = {
				CODE_SIGN_STYLE = Automatic;
				PRODUCT_NAME = "$(TARGET_NAME)";
			};
			name = Debug;
		};
		3C8F904424442FE800B014AA /* Release */ = {
			isa = XCBuildConfiguration;
			buildSettings = {
				CODE_SIGN_STYLE = Automatic;
				PRODUCT_NAME = "$(TARGET_NAME)";
			};
			name = Release;
		};
		3C8F904E2444300A00B014AA /* Debug */ = {
			isa = XCBuildConfiguration;
			buildSettings = {
				CODE_SIGN_STYLE = Automatic;
				PRODUCT_NAME = "$(TARGET_NAME)";
			};
			name = Debug;
		};
		3C8F904F2444300A00B014AA /* Release */ = {
			isa = XCBuildConfiguration;
			buildSettings = {
				CODE_SIGN_STYLE = Automatic;
				PRODUCT_NAME = "$(TARGET_NAME)";
			};
			name = Release;
		};
		3C8F9059244439E600B014AA /* Debug */ = {
			isa = XCBuildConfiguration;
			buildSettings = {
				CODE_SIGN_STYLE = Automatic;
				PRODUCT_NAME = "$(TARGET_NAME)";
			};
			name = Debug;
		};
		3C8F905A244439E600B014AA /* Release */ = {
			isa = XCBuildConfiguration;
			buildSettings = {
				CODE_SIGN_STYLE = Automatic;
				PRODUCT_NAME = "$(TARGET_NAME)";
			};
			name = Release;
		};
		3C8F90632444974B00B014AA /* Debug */ = {
			isa = XCBuildConfiguration;
			buildSettings = {
				CODE_SIGN_STYLE = Automatic;
				PRODUCT_NAME = "$(TARGET_NAME)";
			};
			name = Debug;
		};
		3C8F90642444974B00B014AA /* Release */ = {
			isa = XCBuildConfiguration;
			buildSettings = {
				CODE_SIGN_STYLE = Automatic;
				PRODUCT_NAME = "$(TARGET_NAME)";
			};
			name = Release;
		};
		3CD8C9832443E3100058E3BC /* Debug */ = {
			isa = XCBuildConfiguration;
			buildSettings = {
				ALWAYS_SEARCH_USER_PATHS = NO;
				CLANG_ANALYZER_NONNULL = YES;
				CLANG_ANALYZER_NUMBER_OBJECT_CONVERSION = YES_AGGRESSIVE;
				CLANG_CXX_LANGUAGE_STANDARD = "gnu++14";
				CLANG_CXX_LIBRARY = "libc++";
				CLANG_ENABLE_MODULES = YES;
				CLANG_ENABLE_OBJC_ARC = YES;
				CLANG_ENABLE_OBJC_WEAK = YES;
				CLANG_WARN_BLOCK_CAPTURE_AUTORELEASING = YES;
				CLANG_WARN_BOOL_CONVERSION = YES;
				CLANG_WARN_COMMA = YES;
				CLANG_WARN_CONSTANT_CONVERSION = YES;
				CLANG_WARN_DEPRECATED_OBJC_IMPLEMENTATIONS = YES;
				CLANG_WARN_DIRECT_OBJC_ISA_USAGE = YES_ERROR;
				CLANG_WARN_DOCUMENTATION_COMMENTS = YES;
				CLANG_WARN_EMPTY_BODY = YES;
				CLANG_WARN_ENUM_CONVERSION = YES;
				CLANG_WARN_INFINITE_RECURSION = YES;
				CLANG_WARN_INT_CONVERSION = YES;
				CLANG_WARN_NON_LITERAL_NULL_CONVERSION = YES;
				CLANG_WARN_OBJC_IMPLICIT_RETAIN_SELF = YES;
				CLANG_WARN_OBJC_LITERAL_CONVERSION = YES;
				CLANG_WARN_OBJC_ROOT_CLASS = YES_ERROR;
				CLANG_WARN_RANGE_LOOP_ANALYSIS = YES;
				CLANG_WARN_STRICT_PROTOTYPES = YES;
				CLANG_WARN_SUSPICIOUS_MOVE = YES;
				CLANG_WARN_UNGUARDED_AVAILABILITY = YES_AGGRESSIVE;
				CLANG_WARN_UNREACHABLE_CODE = YES;
				CLANG_WARN__DUPLICATE_METHOD_MATCH = YES;
				COPY_PHASE_STRIP = NO;
				DEBUG_INFORMATION_FORMAT = dwarf;
				ENABLE_STRICT_OBJC_MSGSEND = YES;
				ENABLE_TESTABILITY = YES;
				GCC_C_LANGUAGE_STANDARD = gnu11;
				GCC_DYNAMIC_NO_PIC = NO;
				GCC_NO_COMMON_BLOCKS = YES;
				GCC_OPTIMIZATION_LEVEL = 0;
				GCC_PREPROCESSOR_DEFINITIONS = (
					"DEBUG=1",
					"$(inherited)",
				);
				GCC_WARN_64_TO_32_BIT_CONVERSION = YES;
				GCC_WARN_ABOUT_RETURN_TYPE = YES_ERROR;
				GCC_WARN_UNDECLARED_SELECTOR = YES;
				GCC_WARN_UNINITIALIZED_AUTOS = YES_AGGRESSIVE;
				GCC_WARN_UNUSED_FUNCTION = YES;
				GCC_WARN_UNUSED_VARIABLE = YES;
				MACOSX_DEPLOYMENT_TARGET = 10.15;
				MTL_ENABLE_DEBUG_INFO = INCLUDE_SOURCE;
				MTL_FAST_MATH = YES;
				ONLY_ACTIVE_ARCH = YES;
				SDKROOT = macosx;
			};
			name = Debug;
		};
		3CD8C9842443E3100058E3BC /* Release */ = {
			isa = XCBuildConfiguration;
			buildSettings = {
				ALWAYS_SEARCH_USER_PATHS = NO;
				CLANG_ANALYZER_NONNULL = YES;
				CLANG_ANALYZER_NUMBER_OBJECT_CONVERSION = YES_AGGRESSIVE;
				CLANG_CXX_LANGUAGE_STANDARD = "gnu++14";
				CLANG_CXX_LIBRARY = "libc++";
				CLANG_ENABLE_MODULES = YES;
				CLANG_ENABLE_OBJC_ARC = YES;
				CLANG_ENABLE_OBJC_WEAK = YES;
				CLANG_WARN_BLOCK_CAPTURE_AUTORELEASING = YES;
				CLANG_WARN_BOOL_CONVERSION = YES;
				CLANG_WARN_COMMA = YES;
				CLANG_WARN_CONSTANT_CONVERSION = YES;
				CLANG_WARN_DEPRECATED_OBJC_IMPLEMENTATIONS = YES;
				CLANG_WARN_DIRECT_OBJC_ISA_USAGE = YES_ERROR;
				CLANG_WARN_DOCUMENTATION_COMMENTS = YES;
				CLANG_WARN_EMPTY_BODY = YES;
				CLANG_WARN_ENUM_CONVERSION = YES;
				CLANG_WARN_INFINITE_RECURSION = YES;
				CLANG_WARN_INT_CONVERSION = YES;
				CLANG_WARN_NON_LITERAL_NULL_CONVERSION = YES;
				CLANG_WARN_OBJC_IMPLICIT_RETAIN_SELF = YES;
				CLANG_WARN_OBJC_LITERAL_CONVERSION = YES;
				CLANG_WARN_OBJC_ROOT_CLASS = YES_ERROR;
				CLANG_WARN_RANGE_LOOP_ANALYSIS = YES;
				CLANG_WARN_STRICT_PROTOTYPES = YES;
				CLANG_WARN_SUSPICIOUS_MOVE = YES;
				CLANG_WARN_UNGUARDED_AVAILABILITY = YES_AGGRESSIVE;
				CLANG_WARN_UNREACHABLE_CODE = YES;
				CLANG_WARN__DUPLICATE_METHOD_MATCH = YES;
				COPY_PHASE_STRIP = NO;
				DEBUG_INFORMATION_FORMAT = "dwarf-with-dsym";
				ENABLE_NS_ASSERTIONS = NO;
				ENABLE_STRICT_OBJC_MSGSEND = YES;
				GCC_C_LANGUAGE_STANDARD = gnu11;
				GCC_NO_COMMON_BLOCKS = YES;
				GCC_WARN_64_TO_32_BIT_CONVERSION = YES;
				GCC_WARN_ABOUT_RETURN_TYPE = YES_ERROR;
				GCC_WARN_UNDECLARED_SELECTOR = YES;
				GCC_WARN_UNINITIALIZED_AUTOS = YES_AGGRESSIVE;
				GCC_WARN_UNUSED_FUNCTION = YES;
				GCC_WARN_UNUSED_VARIABLE = YES;
				MACOSX_DEPLOYMENT_TARGET = 10.15;
				MTL_ENABLE_DEBUG_INFO = NO;
				MTL_FAST_MATH = YES;
				SDKROOT = macosx;
			};
			name = Release;
		};
		3CD8C9862443E3100058E3BC /* Debug */ = {
			isa = XCBuildConfiguration;
			buildSettings = {
				CODE_SIGN_STYLE = Automatic;
				PRODUCT_NAME = "$(TARGET_NAME)";
			};
			name = Debug;
		};
		3CD8C9872443E3100058E3BC /* Release */ = {
			isa = XCBuildConfiguration;
			buildSettings = {
				CODE_SIGN_STYLE = Automatic;
				PRODUCT_NAME = "$(TARGET_NAME)";
			};
			name = Release;
		};
		3CD8C9912443E7820058E3BC /* Debug */ = {
			isa = XCBuildConfiguration;
			buildSettings = {
				CODE_SIGN_STYLE = Automatic;
				PRODUCT_NAME = "$(TARGET_NAME)";
			};
			name = Debug;
		};
		3CD8C9922443E7820058E3BC /* Release */ = {
			isa = XCBuildConfiguration;
			buildSettings = {
				CODE_SIGN_STYLE = Automatic;
				PRODUCT_NAME = "$(TARGET_NAME)";
			};
			name = Release;
		};
		3CD8C99C2443F4540058E3BC /* Debug */ = {
			isa = XCBuildConfiguration;
			buildSettings = {
				CODE_SIGN_STYLE = Automatic;
				PRODUCT_NAME = "$(TARGET_NAME)";
			};
			name = Debug;
		};
		3CD8C99D2443F4540058E3BC /* Release */ = {
			isa = XCBuildConfiguration;
			buildSettings = {
				CODE_SIGN_STYLE = Automatic;
				PRODUCT_NAME = "$(TARGET_NAME)";
			};
			name = Release;
		};
		62136DE22456636200635818 /* Debug */ = {
			isa = XCBuildConfiguration;
			buildSettings = {
				CODE_SIGN_STYLE = Automatic;
				PRODUCT_NAME = "$(TARGET_NAME)";
			};
			name = Debug;
		};
		62136DE32456636200635818 /* Release */ = {
			isa = XCBuildConfiguration;
			buildSettings = {
				CODE_SIGN_STYLE = Automatic;
				PRODUCT_NAME = "$(TARGET_NAME)";
			};
			name = Release;
		};
		62136DED245925A300635818 /* Debug */ = {
			isa = XCBuildConfiguration;
			buildSettings = {
				CODE_SIGN_STYLE = Automatic;
				PRODUCT_NAME = "$(TARGET_NAME)";
			};
			name = Debug;
		};
		62136DEE245925A300635818 /* Release */ = {
			isa = XCBuildConfiguration;
			buildSettings = {
				CODE_SIGN_STYLE = Automatic;
				PRODUCT_NAME = "$(TARGET_NAME)";
			};
			name = Release;
		};
		621CB069246E55CC00C5B463 /* Debug */ = {
			isa = XCBuildConfiguration;
			buildSettings = {
				CODE_SIGN_STYLE = Automatic;
				PRODUCT_NAME = "$(TARGET_NAME)";
			};
			name = Debug;
		};
		621CB06A246E55CC00C5B463 /* Release */ = {
			isa = XCBuildConfiguration;
			buildSettings = {
				CODE_SIGN_STYLE = Automatic;
				PRODUCT_NAME = "$(TARGET_NAME)";
			};
			name = Release;
		};
		621CB075246E70EA00C5B463 /* Debug */ = {
			isa = XCBuildConfiguration;
			buildSettings = {
				CODE_SIGN_STYLE = Automatic;
				PRODUCT_NAME = "$(TARGET_NAME)";
			};
			name = Debug;
		};
		621CB076246E70EA00C5B463 /* Release */ = {
			isa = XCBuildConfiguration;
			buildSettings = {
				CODE_SIGN_STYLE = Automatic;
				PRODUCT_NAME = "$(TARGET_NAME)";
			};
			name = Release;
		};
		6224E0AC2472253B002B1FC1 /* Debug */ = {
			isa = XCBuildConfiguration;
			buildSettings = {
				CODE_SIGN_STYLE = Automatic;
				PRODUCT_NAME = "$(TARGET_NAME)";
			};
			name = Debug;
		};
		6224E0AD2472253B002B1FC1 /* Release */ = {
			isa = XCBuildConfiguration;
			buildSettings = {
				CODE_SIGN_STYLE = Automatic;
				PRODUCT_NAME = "$(TARGET_NAME)";
			};
			name = Release;
		};
		6224E0B724737F8F002B1FC1 /* Debug */ = {
			isa = XCBuildConfiguration;
			buildSettings = {
				CODE_SIGN_STYLE = Automatic;
				PRODUCT_NAME = "$(TARGET_NAME)";
			};
			name = Debug;
		};
		6224E0B824737F8F002B1FC1 /* Release */ = {
			isa = XCBuildConfiguration;
			buildSettings = {
				CODE_SIGN_STYLE = Automatic;
				PRODUCT_NAME = "$(TARGET_NAME)";
			};
			name = Release;
		};
		628BB17424595B7900B92140 /* Debug */ = {
			isa = XCBuildConfiguration;
			buildSettings = {
				CODE_SIGN_STYLE = Automatic;
				PRODUCT_NAME = "$(TARGET_NAME)";
			};
			name = Debug;
		};
		628BB17524595B7900B92140 /* Release */ = {
			isa = XCBuildConfiguration;
			buildSettings = {
				CODE_SIGN_STYLE = Automatic;
				PRODUCT_NAME = "$(TARGET_NAME)";
			};
			name = Release;
		};
		628BB17F2459A1F900B92140 /* Debug */ = {
			isa = XCBuildConfiguration;
			buildSettings = {
				CODE_SIGN_STYLE = Automatic;
				PRODUCT_NAME = "$(TARGET_NAME)";
			};
			name = Debug;
		};
		628BB1802459A1F900B92140 /* Release */ = {
			isa = XCBuildConfiguration;
			buildSettings = {
				CODE_SIGN_STYLE = Automatic;
				PRODUCT_NAME = "$(TARGET_NAME)";
			};
			name = Release;
		};
		62B3B3F3245C18BA0013F4A6 /* Debug */ = {
			isa = XCBuildConfiguration;
			buildSettings = {
				CODE_SIGN_STYLE = Automatic;
				PRODUCT_NAME = "$(TARGET_NAME)";
			};
			name = Debug;
		};
		62B3B3F4245C18BA0013F4A6 /* Release */ = {
			isa = XCBuildConfiguration;
			buildSettings = {
				CODE_SIGN_STYLE = Automatic;
				PRODUCT_NAME = "$(TARGET_NAME)";
			};
			name = Release;
		};
		62B3B3FF245C8BCB0013F4A6 /* Debug */ = {
			isa = XCBuildConfiguration;
			buildSettings = {
				CODE_SIGN_STYLE = Automatic;
				PRODUCT_NAME = "$(TARGET_NAME)";
			};
			name = Debug;
		};
		62B3B400245C8BCB0013F4A6 /* Release */ = {
			isa = XCBuildConfiguration;
			buildSettings = {
				CODE_SIGN_STYLE = Automatic;
				PRODUCT_NAME = "$(TARGET_NAME)";
			};
			name = Release;
		};
		62CA7E03246BA93600083917 /* Debug */ = {
			isa = XCBuildConfiguration;
			buildSettings = {
				CODE_SIGN_STYLE = Automatic;
				PRODUCT_NAME = "$(TARGET_NAME)";
			};
			name = Debug;
		};
		62CA7E04246BA93600083917 /* Release */ = {
			isa = XCBuildConfiguration;
			buildSettings = {
				CODE_SIGN_STYLE = Automatic;
				PRODUCT_NAME = "$(TARGET_NAME)";
			};
			name = Release;
		};
		62CA7E0F246BC41800083917 /* Debug */ = {
			isa = XCBuildConfiguration;
			buildSettings = {
				CODE_SIGN_STYLE = Automatic;
				PRODUCT_NAME = "$(TARGET_NAME)";
			};
			name = Debug;
		};
		62CA7E10246BC41800083917 /* Release */ = {
			isa = XCBuildConfiguration;
			buildSettings = {
				CODE_SIGN_STYLE = Automatic;
				PRODUCT_NAME = "$(TARGET_NAME)";
			};
			name = Release;
		};
		62E0A6F82464F4CD00A9A729 /* Debug */ = {
			isa = XCBuildConfiguration;
			buildSettings = {
				CODE_SIGN_STYLE = Automatic;
				PRODUCT_NAME = "$(TARGET_NAME)";
			};
			name = Debug;
		};
		62E0A6F92464F4CD00A9A729 /* Release */ = {
			isa = XCBuildConfiguration;
			buildSettings = {
				CODE_SIGN_STYLE = Automatic;
				PRODUCT_NAME = "$(TARGET_NAME)";
			};
			name = Release;
		};
		62E0A704246532C200A9A729 /* Debug */ = {
			isa = XCBuildConfiguration;
			buildSettings = {
				CODE_SIGN_STYLE = Automatic;
				PRODUCT_NAME = "$(TARGET_NAME)";
			};
			name = Debug;
		};
		62E0A705246532C200A9A729 /* Release */ = {
			isa = XCBuildConfiguration;
			buildSettings = {
				CODE_SIGN_STYLE = Automatic;
				PRODUCT_NAME = "$(TARGET_NAME)";
			};
			name = Release;
		};
		62E0A70E2465C46000A9A729 /* Debug */ = {
			isa = XCBuildConfiguration;
			buildSettings = {
				CODE_SIGN_STYLE = Automatic;
				PRODUCT_NAME = "$(TARGET_NAME)";
			};
			name = Debug;
		};
		62E0A70F2465C46000A9A729 /* Release */ = {
			isa = XCBuildConfiguration;
			buildSettings = {
				CODE_SIGN_STYLE = Automatic;
				PRODUCT_NAME = "$(TARGET_NAME)";
			};
			name = Release;
		};
		62E0A71A24667E1C00A9A729 /* Debug */ = {
			isa = XCBuildConfiguration;
			buildSettings = {
				CODE_SIGN_STYLE = Automatic;
				PRODUCT_NAME = "$(TARGET_NAME)";
			};
			name = Debug;
		};
		62E0A71B24667E1C00A9A729 /* Release */ = {
			isa = XCBuildConfiguration;
			buildSettings = {
				CODE_SIGN_STYLE = Automatic;
				PRODUCT_NAME = "$(TARGET_NAME)";
			};
			name = Release;
		};
/* End XCBuildConfiguration section */

/* Begin XCConfigurationList section */
		3C8F903924442FAE00B014AA /* Build configuration list for PBXNativeTarget "CircleLinkList" */ = {
			isa = XCConfigurationList;
			buildConfigurations = (
				3C8F903724442FAE00B014AA /* Debug */,
				3C8F903824442FAE00B014AA /* Release */,
			);
			defaultConfigurationIsVisible = 0;
			defaultConfigurationName = Release;
		};
		3C8F904224442FE800B014AA /* Build configuration list for PBXNativeTarget "DoublyLinkList" */ = {
			isa = XCConfigurationList;
			buildConfigurations = (
				3C8F904324442FE800B014AA /* Debug */,
				3C8F904424442FE800B014AA /* Release */,
			);
			defaultConfigurationIsVisible = 0;
			defaultConfigurationName = Release;
		};
		3C8F904D2444300A00B014AA /* Build configuration list for PBXNativeTarget "DoublyCircleLinkList" */ = {
			isa = XCConfigurationList;
			buildConfigurations = (
				3C8F904E2444300A00B014AA /* Debug */,
				3C8F904F2444300A00B014AA /* Release */,
			);
			defaultConfigurationIsVisible = 0;
			defaultConfigurationName = Release;
		};
		3C8F9058244439E600B014AA /* Build configuration list for PBXNativeTarget "Queue" */ = {
			isa = XCConfigurationList;
			buildConfigurations = (
				3C8F9059244439E600B014AA /* Debug */,
				3C8F905A244439E600B014AA /* Release */,
			);
			defaultConfigurationIsVisible = 0;
			defaultConfigurationName = Release;
		};
		3C8F90652444974B00B014AA /* Build configuration list for PBXNativeTarget "LinkQueue" */ = {
			isa = XCConfigurationList;
			buildConfigurations = (
				3C8F90632444974B00B014AA /* Debug */,
				3C8F90642444974B00B014AA /* Release */,
			);
			defaultConfigurationIsVisible = 0;
			defaultConfigurationName = Release;
		};
		3CD8C9792443E3100058E3BC /* Build configuration list for PBXProject "DataStructuresDemo" */ = {
			isa = XCConfigurationList;
			buildConfigurations = (
				3CD8C9832443E3100058E3BC /* Debug */,
				3CD8C9842443E3100058E3BC /* Release */,
			);
			defaultConfigurationIsVisible = 0;
			defaultConfigurationName = Release;
		};
		3CD8C9852443E3100058E3BC /* Build configuration list for PBXNativeTarget "DataStructuresDemo" */ = {
			isa = XCConfigurationList;
			buildConfigurations = (
				3CD8C9862443E3100058E3BC /* Debug */,
				3CD8C9872443E3100058E3BC /* Release */,
			);
			defaultConfigurationIsVisible = 0;
			defaultConfigurationName = Release;
		};
		3CD8C9902443E7820058E3BC /* Build configuration list for PBXNativeTarget "StackDemo" */ = {
			isa = XCConfigurationList;
			buildConfigurations = (
				3CD8C9912443E7820058E3BC /* Debug */,
				3CD8C9922443E7820058E3BC /* Release */,
			);
			defaultConfigurationIsVisible = 0;
			defaultConfigurationName = Release;
		};
		3CD8C99B2443F4540058E3BC /* Build configuration list for PBXNativeTarget "LinkStackDemo" */ = {
			isa = XCConfigurationList;
			buildConfigurations = (
				3CD8C99C2443F4540058E3BC /* Debug */,
				3CD8C99D2443F4540058E3BC /* Release */,
			);
			defaultConfigurationIsVisible = 0;
			defaultConfigurationName = Release;
		};
		62136DE42456636200635818 /* Build configuration list for PBXNativeTarget "SqBiTree Demo" */ = {
			isa = XCConfigurationList;
			buildConfigurations = (
				62136DE22456636200635818 /* Debug */,
				62136DE32456636200635818 /* Release */,
			);
			defaultConfigurationIsVisible = 0;
			defaultConfigurationName = Release;
		};
		62136DEF245925A300635818 /* Build configuration list for PBXNativeTarget "LinkBiTreeDemo" */ = {
			isa = XCConfigurationList;
			buildConfigurations = (
				62136DED245925A300635818 /* Debug */,
				62136DEE245925A300635818 /* Release */,
			);
			defaultConfigurationIsVisible = 0;
			defaultConfigurationName = Release;
		};
		621CB06B246E55CC00C5B463 /* Build configuration list for PBXNativeTarget "SSTableDemo" */ = {
			isa = XCConfigurationList;
			buildConfigurations = (
				621CB069246E55CC00C5B463 /* Debug */,
				621CB06A246E55CC00C5B463 /* Release */,
			);
			defaultConfigurationIsVisible = 0;
			defaultConfigurationName = Release;
		};
		621CB074246E70EA00C5B463 /* Build configuration list for PBXNativeTarget "DynamicSearchTableDemo" */ = {
			isa = XCConfigurationList;
			buildConfigurations = (
				621CB075246E70EA00C5B463 /* Debug */,
				621CB076246E70EA00C5B463 /* Release */,
			);
			defaultConfigurationIsVisible = 0;
			defaultConfigurationName = Release;
		};
		6224E0AE2472253B002B1FC1 /* Build configuration list for PBXNativeTarget "BalancedBinaryTreeDemo" */ = {
			isa = XCConfigurationList;
			buildConfigurations = (
				6224E0AC2472253B002B1FC1 /* Debug */,
				6224E0AD2472253B002B1FC1 /* Release */,
			);
			defaultConfigurationIsVisible = 0;
			defaultConfigurationName = Release;
		};
		6224E0B924737F8F002B1FC1 /* Build configuration list for PBXNativeTarget "SortDemo" */ = {
			isa = XCConfigurationList;
			buildConfigurations = (
				6224E0B724737F8F002B1FC1 /* Debug */,
				6224E0B824737F8F002B1FC1 /* Release */,
			);
			defaultConfigurationIsVisible = 0;
			defaultConfigurationName = Release;
		};
		628BB17624595B7900B92140 /* Build configuration list for PBXNativeTarget "ThreadBiTree" */ = {
			isa = XCConfigurationList;
			buildConfigurations = (
				628BB17424595B7900B92140 /* Debug */,
				628BB17524595B7900B92140 /* Release */,
			);
			defaultConfigurationIsVisible = 0;
			defaultConfigurationName = Release;
		};
		628BB1812459A1F900B92140 /* Build configuration list for PBXNativeTarget "HaffTreeDemo" */ = {
			isa = XCConfigurationList;
			buildConfigurations = (
				628BB17F2459A1F900B92140 /* Debug */,
				628BB1802459A1F900B92140 /* Release */,
			);
			defaultConfigurationIsVisible = 0;
			defaultConfigurationName = Release;
		};
		62B3B3F5245C18BA0013F4A6 /* Build configuration list for PBXNativeTarget "MGraphDemo" */ = {
			isa = XCConfigurationList;
			buildConfigurations = (
				62B3B3F3245C18BA0013F4A6 /* Debug */,
				62B3B3F4245C18BA0013F4A6 /* Release */,
			);
			defaultConfigurationIsVisible = 0;
			defaultConfigurationName = Release;
		};
		62B3B3FE245C8BCB0013F4A6 /* Build configuration list for PBXNativeTarget "ALGraphDemo" */ = {
			isa = XCConfigurationList;
			buildConfigurations = (
				62B3B3FF245C8BCB0013F4A6 /* Debug */,
				62B3B400245C8BCB0013F4A6 /* Release */,
			);
			defaultConfigurationIsVisible = 0;
			defaultConfigurationName = Release;
		};
		62CA7E05246BA93600083917 /* Build configuration list for PBXNativeTarget "TopologicalSortDemo" */ = {
			isa = XCConfigurationList;
			buildConfigurations = (
				62CA7E03246BA93600083917 /* Debug */,
				62CA7E04246BA93600083917 /* Release */,
			);
			defaultConfigurationIsVisible = 0;
			defaultConfigurationName = Release;
		};
		62CA7E0E246BC41800083917 /* Build configuration list for PBXNativeTarget "CriticalPathDemo" */ = {
			isa = XCConfigurationList;
			buildConfigurations = (
				62CA7E0F246BC41800083917 /* Debug */,
				62CA7E10246BC41800083917 /* Release */,
			);
			defaultConfigurationIsVisible = 0;
			defaultConfigurationName = Release;
		};
		62E0A6FA2464F4CD00A9A729 /* Build configuration list for PBXNativeTarget "PrimDemo" */ = {
			isa = XCConfigurationList;
			buildConfigurations = (
				62E0A6F82464F4CD00A9A729 /* Debug */,
				62E0A6F92464F4CD00A9A729 /* Release */,
			);
			defaultConfigurationIsVisible = 0;
			defaultConfigurationName = Release;
		};
		62E0A703246532C200A9A729 /* Build configuration list for PBXNativeTarget "KruskalDemo" */ = {
			isa = XCConfigurationList;
			buildConfigurations = (
				62E0A704246532C200A9A729 /* Debug */,
				62E0A705246532C200A9A729 /* Release */,
			);
			defaultConfigurationIsVisible = 0;
			defaultConfigurationName = Release;
		};
		62E0A7102465C46000A9A729 /* Build configuration list for PBXNativeTarget "DijkstraDemo" */ = {
			isa = XCConfigurationList;
			buildConfigurations = (
				62E0A70E2465C46000A9A729 /* Debug */,
				62E0A70F2465C46000A9A729 /* Release */,
			);
			defaultConfigurationIsVisible = 0;
			defaultConfigurationName = Release;
		};
		62E0A71924667E1C00A9A729 /* Build configuration list for PBXNativeTarget "FloydDemo" */ = {
			isa = XCConfigurationList;
			buildConfigurations = (
				62E0A71A24667E1C00A9A729 /* Debug */,
				62E0A71B24667E1C00A9A729 /* Release */,
			);
			defaultConfigurationIsVisible = 0;
			defaultConfigurationName = Release;
		};
/* End XCConfigurationList section */
	};
	rootObject = 3CD8C9762443E3100058E3BC /* Project object */;
}
