// !$*UTF8*$!
{
	archiveVersion = 1;
	classes = {
	};
	objectVersion = 50;
	objects = {

/* Begin PBXBuildFile section */
		3C0B7ECC244AE3FD00F698CC /* main.c in Sources */ = {isa = PBXBuildFile; fileRef = 3C0B7ECB244AE3FD00F698CC /* main.c */; };
		3C0B7EE2244B13FD00F698CC /* main.c in Sources */ = {isa = PBXBuildFile; fileRef = 3C0B7EE1244B13FD00F698CC /* main.c */; };
		3C0B7EED244B17F500F698CC /* main.c in Sources */ = {isa = PBXBuildFile; fileRef = 3C0B7EEC244B17F500F698CC /* main.c */; };
		3C0B7EF8244B1C8C00F698CC /* main.c in Sources */ = {isa = PBXBuildFile; fileRef = 3C0B7EF7244B1C8C00F698CC /* main.c */; };
		3C0B7F0E244B311A00F698CC /* main.c in Sources */ = {isa = PBXBuildFile; fileRef = 3C0B7F0D244B311A00F698CC /* main.c */; };
		3C0B7F19244B314100F698CC /* main.c in Sources */ = {isa = PBXBuildFile; fileRef = 3C0B7F18244B314100F698CC /* main.c */; };
		3C8EB699244EFFCF00A88001 /* main.c in Sources */ = {isa = PBXBuildFile; fileRef = 3C8EB698244EFFCF00A88001 /* main.c */; };
		3C8EB6A4244FF1FA00A88001 /* main.c in Sources */ = {isa = PBXBuildFile; fileRef = 3C8EB6A3244FF1FA00A88001 /* main.c */; };
		3C8EB6AF245009D100A88001 /* main.c in Sources */ = {isa = PBXBuildFile; fileRef = 3C8EB6AE245009D100A88001 /* main.c */; };
		3CA5E2ED243EBC7100A0CC78 /* main.c in Sources */ = {isa = PBXBuildFile; fileRef = 3CA5E2EC243EBC7100A0CC78 /* main.c */; };
/* End PBXBuildFile section */

/* Begin PBXCopyFilesBuildPhase section */
		3C0B7EC7244AE3FD00F698CC /* CopyFiles */ = {
			isa = PBXCopyFilesBuildPhase;
			buildActionMask = 2147483647;
			dstPath = /usr/share/man/man1/;
			dstSubfolderSpec = 0;
			files = (
			);
			runOnlyForDeploymentPostprocessing = 1;
		};
		3C0B7EDD244B13FD00F698CC /* CopyFiles */ = {
			isa = PBXCopyFilesBuildPhase;
			buildActionMask = 2147483647;
			dstPath = /usr/share/man/man1/;
			dstSubfolderSpec = 0;
			files = (
			);
			runOnlyForDeploymentPostprocessing = 1;
		};
		3C0B7EE8244B17F500F698CC /* CopyFiles */ = {
			isa = PBXCopyFilesBuildPhase;
			buildActionMask = 2147483647;
			dstPath = /usr/share/man/man1/;
			dstSubfolderSpec = 0;
			files = (
			);
			runOnlyForDeploymentPostprocessing = 1;
		};
		3C0B7EF3244B1C8C00F698CC /* CopyFiles */ = {
			isa = PBXCopyFilesBuildPhase;
			buildActionMask = 2147483647;
			dstPath = /usr/share/man/man1/;
			dstSubfolderSpec = 0;
			files = (
			);
			runOnlyForDeploymentPostprocessing = 1;
		};
		3C0B7F09244B311A00F698CC /* CopyFiles */ = {
			isa = PBXCopyFilesBuildPhase;
			buildActionMask = 2147483647;
			dstPath = /usr/share/man/man1/;
			dstSubfolderSpec = 0;
			files = (
			);
			runOnlyForDeploymentPostprocessing = 1;
		};
		3C0B7F14244B314100F698CC /* CopyFiles */ = {
			isa = PBXCopyFilesBuildPhase;
			buildActionMask = 2147483647;
			dstPath = /usr/share/man/man1/;
			dstSubfolderSpec = 0;
			files = (
			);
			runOnlyForDeploymentPostprocessing = 1;
		};
		3C8EB694244EFFCF00A88001 /* CopyFiles */ = {
			isa = PBXCopyFilesBuildPhase;
			buildActionMask = 2147483647;
			dstPath = /usr/share/man/man1/;
			dstSubfolderSpec = 0;
			files = (
			);
			runOnlyForDeploymentPostprocessing = 1;
		};
		3C8EB69F244FF1FA00A88001 /* CopyFiles */ = {
			isa = PBXCopyFilesBuildPhase;
			buildActionMask = 2147483647;
			dstPath = /usr/share/man/man1/;
			dstSubfolderSpec = 0;
			files = (
			);
			runOnlyForDeploymentPostprocessing = 1;
		};
		3C8EB6AA245009D100A88001 /* CopyFiles */ = {
			isa = PBXCopyFilesBuildPhase;
			buildActionMask = 2147483647;
			dstPath = /usr/share/man/man1/;
			dstSubfolderSpec = 0;
			files = (
			);
			runOnlyForDeploymentPostprocessing = 1;
		};
		3CA5E2E7243EBC7100A0CC78 /* CopyFiles */ = {
			isa = PBXCopyFilesBuildPhase;
			buildActionMask = 2147483647;
			dstPath = /usr/share/man/man1/;
			dstSubfolderSpec = 0;
			files = (
			);
			runOnlyForDeploymentPostprocessing = 1;
		};
/* End PBXCopyFilesBuildPhase section */

/* Begin PBXFileReference section */
		3C0B7EC9244AE3FD00F698CC /* 00_数制转换 */ = {isa = PBXFileReference; explicitFileType = "compiled.mach-o.executable"; includeInIndex = 0; path = "00_数制转换"; sourceTree = BUILT_PRODUCTS_DIR; };
		3C0B7ECB244AE3FD00F698CC /* main.c */ = {isa = PBXFileReference; lastKnownFileType = sourcecode.c.c; path = main.c; sourceTree = "<group>"; };
		3C0B7EDF244B13FD00F698CC /* 01_杨辉三角 */ = {isa = PBXFileReference; explicitFileType = "compiled.mach-o.executable"; includeInIndex = 0; path = "01_杨辉三角"; sourceTree = BUILT_PRODUCTS_DIR; };
		3C0B7EE1244B13FD00F698CC /* main.c */ = {isa = PBXFileReference; lastKnownFileType = sourcecode.c.c; path = main.c; sourceTree = "<group>"; };
		3C0B7EEA244B17F500F698CC /* 03_爬楼梯 */ = {isa = PBXFileReference; explicitFileType = "compiled.mach-o.executable"; includeInIndex = 0; path = "03_爬楼梯"; sourceTree = BUILT_PRODUCTS_DIR; };
		3C0B7EEC244B17F500F698CC /* main.c */ = {isa = PBXFileReference; lastKnownFileType = sourcecode.c.c; path = main.c; sourceTree = "<group>"; };
		3C0B7EF5244B1C8C00F698CC /* 04_每日温度 */ = {isa = PBXFileReference; explicitFileType = "compiled.mach-o.executable"; includeInIndex = 0; path = "04_每日温度"; sourceTree = BUILT_PRODUCTS_DIR; };
		3C0B7EF7244B1C8C00F698CC /* main.c */ = {isa = PBXFileReference; lastKnownFileType = sourcecode.c.c; path = main.c; sourceTree = "<group>"; };
		3C0B7F0B244B311A00F698CC /* 05_字符串解码_leetcode_394 */ = {isa = PBXFileReference; explicitFileType = "compiled.mach-o.executable"; includeInIndex = 0; path = "05_字符串解码_leetcode_394"; sourceTree = BUILT_PRODUCTS_DIR; };
		3C0B7F0D244B311A00F698CC /* main.c */ = {isa = PBXFileReference; lastKnownFileType = sourcecode.c.c; path = main.c; sourceTree = "<group>"; };
		3C0B7F16244B314100F698CC /* 02_有效括号_leetcode_20 */ = {isa = PBXFileReference; explicitFileType = "compiled.mach-o.executable"; includeInIndex = 0; path = "02_有效括号_leetcode_20"; sourceTree = BUILT_PRODUCTS_DIR; };
		3C0B7F18244B314100F698CC /* main.c */ = {isa = PBXFileReference; lastKnownFileType = sourcecode.c.c; path = main.c; sourceTree = "<group>"; };
		3C8EB696244EFFCF00A88001 /* 06_去除重复字母_Leetcode_316 */ = {isa = PBXFileReference; explicitFileType = "compiled.mach-o.executable"; includeInIndex = 0; path = "06_去除重复字母_Leetcode_316"; sourceTree = BUILT_PRODUCTS_DIR; };
		3C8EB698244EFFCF00A88001 /* main.c */ = {isa = PBXFileReference; lastKnownFileType = sourcecode.c.c; path = main.c; sourceTree = "<group>"; };
		3C8EB6A1244FF1FA00A88001 /* 07_字符串匹配_BF实现 */ = {isa = PBXFileReference; explicitFileType = "compiled.mach-o.executable"; includeInIndex = 0; path = "07_字符串匹配_BF实现"; sourceTree = BUILT_PRODUCTS_DIR; };
		3C8EB6A3244FF1FA00A88001 /* main.c */ = {isa = PBXFileReference; lastKnownFileType = sourcecode.c.c; path = main.c; sourceTree = "<group>"; };
		3C8EB6AC245009D100A88001 /* 08_字符串匹配_RK实现 */ = {isa = PBXFileReference; explicitFileType = "compiled.mach-o.executable"; includeInIndex = 0; path = "08_字符串匹配_RK实现"; sourceTree = BUILT_PRODUCTS_DIR; };
		3C8EB6AE245009D100A88001 /* main.c */ = {isa = PBXFileReference; lastKnownFileType = sourcecode.c.c; path = main.c; sourceTree = "<group>"; };
		3CA5E2E9243EBC7100A0CC78 /* AlgorithmExercisesDemo */ = {isa = PBXFileReference; explicitFileType = "compiled.mach-o.executable"; includeInIndex = 0; path = AlgorithmExercisesDemo; sourceTree = BUILT_PRODUCTS_DIR; };
		3CA5E2EC243EBC7100A0CC78 /* main.c */ = {isa = PBXFileReference; lastKnownFileType = sourcecode.c.c; path = main.c; sourceTree = "<group>"; };
/* End PBXFileReference section */

/* Begin PBXFrameworksBuildPhase section */
		3C0B7EC6244AE3FD00F698CC /* Frameworks */ = {
			isa = PBXFrameworksBuildPhase;
			buildActionMask = 2147483647;
			files = (
			);
			runOnlyForDeploymentPostprocessing = 0;
		};
		3C0B7EDC244B13FD00F698CC /* Frameworks */ = {
			isa = PBXFrameworksBuildPhase;
			buildActionMask = 2147483647;
			files = (
			);
			runOnlyForDeploymentPostprocessing = 0;
		};
		3C0B7EE7244B17F500F698CC /* Frameworks */ = {
			isa = PBXFrameworksBuildPhase;
			buildActionMask = 2147483647;
			files = (
			);
			runOnlyForDeploymentPostprocessing = 0;
		};
		3C0B7EF2244B1C8C00F698CC /* Frameworks */ = {
			isa = PBXFrameworksBuildPhase;
			buildActionMask = 2147483647;
			files = (
			);
			runOnlyForDeploymentPostprocessing = 0;
		};
		3C0B7F08244B311A00F698CC /* Frameworks */ = {
			isa = PBXFrameworksBuildPhase;
			buildActionMask = 2147483647;
			files = (
			);
			runOnlyForDeploymentPostprocessing = 0;
		};
		3C0B7F13244B314100F698CC /* Frameworks */ = {
			isa = PBXFrameworksBuildPhase;
			buildActionMask = 2147483647;
			files = (
			);
			runOnlyForDeploymentPostprocessing = 0;
		};
		3C8EB693244EFFCF00A88001 /* Frameworks */ = {
			isa = PBXFrameworksBuildPhase;
			buildActionMask = 2147483647;
			files = (
			);
			runOnlyForDeploymentPostprocessing = 0;
		};
		3C8EB69E244FF1FA00A88001 /* Frameworks */ = {
			isa = PBXFrameworksBuildPhase;
			buildActionMask = 2147483647;
			files = (
			);
			runOnlyForDeploymentPostprocessing = 0;
		};
		3C8EB6A9245009D100A88001 /* Frameworks */ = {
			isa = PBXFrameworksBuildPhase;
			buildActionMask = 2147483647;
			files = (
			);
			runOnlyForDeploymentPostprocessing = 0;
		};
		3CA5E2E6243EBC7100A0CC78 /* Frameworks */ = {
			isa = PBXFrameworksBuildPhase;
			buildActionMask = 2147483647;
			files = (
			);
			runOnlyForDeploymentPostprocessing = 0;
		};
/* End PBXFrameworksBuildPhase section */

/* Begin PBXGroup section */
		3C0B7ECA244AE3FD00F698CC /* 00_数制转换 */ = {
			isa = PBXGroup;
			children = (
				3C0B7ECB244AE3FD00F698CC /* main.c */,
			);
			path = "00_数制转换";
			sourceTree = "<group>";
		};
		3C0B7EE0244B13FD00F698CC /* 01_杨辉三角 */ = {
			isa = PBXGroup;
			children = (
				3C0B7EE1244B13FD00F698CC /* main.c */,
			);
			path = "01_杨辉三角";
			sourceTree = "<group>";
		};
		3C0B7EEB244B17F500F698CC /* 03_爬楼梯 */ = {
			isa = PBXGroup;
			children = (
				3C0B7EEC244B17F500F698CC /* main.c */,
			);
			path = "03_爬楼梯";
			sourceTree = "<group>";
		};
		3C0B7EF6244B1C8C00F698CC /* 04_每日温度 */ = {
			isa = PBXGroup;
			children = (
				3C0B7EF7244B1C8C00F698CC /* main.c */,
			);
			path = "04_每日温度";
			sourceTree = "<group>";
		};
		3C0B7F0C244B311A00F698CC /* 05_字符串解码_leetcode_394 */ = {
			isa = PBXGroup;
			children = (
				3C0B7F0D244B311A00F698CC /* main.c */,
			);
			path = "05_字符串解码_leetcode_394";
			sourceTree = "<group>";
		};
		3C0B7F17244B314100F698CC /* 02_有效括号_leetcode_20 */ = {
			isa = PBXGroup;
			children = (
				3C0B7F18244B314100F698CC /* main.c */,
			);
			path = "02_有效括号_leetcode_20";
			sourceTree = "<group>";
		};
		3C8EB697244EFFCF00A88001 /* 06_去除重复字母_Leetcode_316 */ = {
			isa = PBXGroup;
			children = (
				3C8EB698244EFFCF00A88001 /* main.c */,
			);
			path = "06_去除重复字母_Leetcode_316";
			sourceTree = "<group>";
		};
		3C8EB6A2244FF1FA00A88001 /* 07_字符串匹配_BF实现 */ = {
			isa = PBXGroup;
			children = (
				3C8EB6A3244FF1FA00A88001 /* main.c */,
			);
			path = "07_字符串匹配_BF实现";
			sourceTree = "<group>";
		};
		3C8EB6AD245009D100A88001 /* 08_字符串匹配_RK实现 */ = {
			isa = PBXGroup;
			children = (
				3C8EB6AE245009D100A88001 /* main.c */,
			);
			path = "08_字符串匹配_RK实现";
			sourceTree = "<group>";
		};
		3CA5E2E0243EBC7100A0CC78 = {
			isa = PBXGroup;
			children = (
				3CA5E2EB243EBC7100A0CC78 /* AlgorithmExercisesDemo */,
				3C0B7ECA244AE3FD00F698CC /* 00_数制转换 */,
				3C0B7EE0244B13FD00F698CC /* 01_杨辉三角 */,
				3C0B7F17244B314100F698CC /* 02_有效括号_leetcode_20 */,
				3C0B7EEB244B17F500F698CC /* 03_爬楼梯 */,
				3C0B7EF6244B1C8C00F698CC /* 04_每日温度 */,
				3C0B7F0C244B311A00F698CC /* 05_字符串解码_leetcode_394 */,
				3C8EB697244EFFCF00A88001 /* 06_去除重复字母_Leetcode_316 */,
				3C8EB6A2244FF1FA00A88001 /* 07_字符串匹配_BF实现 */,
				3C8EB6AD245009D100A88001 /* 08_字符串匹配_RK实现 */,
				3CA5E2EA243EBC7100A0CC78 /* Products */,
			);
			sourceTree = "<group>";
		};
		3CA5E2EA243EBC7100A0CC78 /* Products */ = {
			isa = PBXGroup;
			children = (
				3CA5E2E9243EBC7100A0CC78 /* AlgorithmExercisesDemo */,
				3C0B7EC9244AE3FD00F698CC /* 00_数制转换 */,
				3C0B7EDF244B13FD00F698CC /* 01_杨辉三角 */,
				3C0B7EEA244B17F500F698CC /* 03_爬楼梯 */,
				3C0B7EF5244B1C8C00F698CC /* 04_每日温度 */,
				3C0B7F0B244B311A00F698CC /* 05_字符串解码_leetcode_394 */,
				3C0B7F16244B314100F698CC /* 02_有效括号_leetcode_20 */,
				3C8EB696244EFFCF00A88001 /* 06_去除重复字母_Leetcode_316 */,
				3C8EB6A1244FF1FA00A88001 /* 07_字符串匹配_BF实现 */,
				3C8EB6AC245009D100A88001 /* 08_字符串匹配_RK实现 */,
			);
			name = Products;
			sourceTree = "<group>";
		};
		3CA5E2EB243EBC7100A0CC78 /* AlgorithmExercisesDemo */ = {
			isa = PBXGroup;
			children = (
				3CA5E2EC243EBC7100A0CC78 /* main.c */,
			);
			path = AlgorithmExercisesDemo;
			sourceTree = "<group>";
		};
/* End PBXGroup section */

/* Begin PBXNativeTarget section */
		3C0B7EC8244AE3FD00F698CC /* 00_数制转换 */ = {
			isa = PBXNativeTarget;
			buildConfigurationList = 3C0B7ECF244AE3FD00F698CC /* Build configuration list for PBXNativeTarget "00_数制转换" */;
			buildPhases = (
				3C0B7EC5244AE3FD00F698CC /* Sources */,
				3C0B7EC6244AE3FD00F698CC /* Frameworks */,
				3C0B7EC7244AE3FD00F698CC /* CopyFiles */,
			);
			buildRules = (
			);
			dependencies = (
			);
			name = "00_数制转换";
			productName = "00_数制转换";
			productReference = 3C0B7EC9244AE3FD00F698CC /* 00_数制转换 */;
			productType = "com.apple.product-type.tool";
		};
		3C0B7EDE244B13FD00F698CC /* 01_杨辉三角 */ = {
			isa = PBXNativeTarget;
			buildConfigurationList = 3C0B7EE3244B13FD00F698CC /* Build configuration list for PBXNativeTarget "01_杨辉三角" */;
			buildPhases = (
				3C0B7EDB244B13FD00F698CC /* Sources */,
				3C0B7EDC244B13FD00F698CC /* Frameworks */,
				3C0B7EDD244B13FD00F698CC /* CopyFiles */,
			);
			buildRules = (
			);
			dependencies = (
			);
			name = "01_杨辉三角";
			productName = "01_杨辉三角";
			productReference = 3C0B7EDF244B13FD00F698CC /* 01_杨辉三角 */;
			productType = "com.apple.product-type.tool";
		};
		3C0B7EE9244B17F500F698CC /* 03_爬楼梯 */ = {
			isa = PBXNativeTarget;
			buildConfigurationList = 3C0B7EEE244B17F500F698CC /* Build configuration list for PBXNativeTarget "03_爬楼梯" */;
			buildPhases = (
				3C0B7EE6244B17F500F698CC /* Sources */,
				3C0B7EE7244B17F500F698CC /* Frameworks */,
				3C0B7EE8244B17F500F698CC /* CopyFiles */,
			);
			buildRules = (
			);
			dependencies = (
			);
			name = "03_爬楼梯";
			productName = "03_爬楼梯";
			productReference = 3C0B7EEA244B17F500F698CC /* 03_爬楼梯 */;
			productType = "com.apple.product-type.tool";
		};
		3C0B7EF4244B1C8C00F698CC /* 04_每日温度 */ = {
			isa = PBXNativeTarget;
			buildConfigurationList = 3C0B7EF9244B1C8C00F698CC /* Build configuration list for PBXNativeTarget "04_每日温度" */;
			buildPhases = (
				3C0B7EF1244B1C8C00F698CC /* Sources */,
				3C0B7EF2244B1C8C00F698CC /* Frameworks */,
				3C0B7EF3244B1C8C00F698CC /* CopyFiles */,
			);
			buildRules = (
			);
			dependencies = (
			);
			name = "04_每日温度";
			productName = "04_每日温度";
			productReference = 3C0B7EF5244B1C8C00F698CC /* 04_每日温度 */;
			productType = "com.apple.product-type.tool";
		};
		3C0B7F0A244B311A00F698CC /* 05_字符串解码_leetcode_394 */ = {
			isa = PBXNativeTarget;
			buildConfigurationList = 3C0B7F11244B311A00F698CC /* Build configuration list for PBXNativeTarget "05_字符串解码_leetcode_394" */;
			buildPhases = (
				3C0B7F07244B311A00F698CC /* Sources */,
				3C0B7F08244B311A00F698CC /* Frameworks */,
				3C0B7F09244B311A00F698CC /* CopyFiles */,
			);
			buildRules = (
			);
			dependencies = (
			);
			name = "05_字符串解码_leetcode_394";
			productName = "05_字符串解码_leetcode_394";
			productReference = 3C0B7F0B244B311A00F698CC /* 05_字符串解码_leetcode_394 */;
			productType = "com.apple.product-type.tool";
		};
		3C0B7F15244B314100F698CC /* 02_有效括号_leetcode_20 */ = {
			isa = PBXNativeTarget;
			buildConfigurationList = 3C0B7F1A244B314100F698CC /* Build configuration list for PBXNativeTarget "02_有效括号_leetcode_20" */;
			buildPhases = (
				3C0B7F12244B314100F698CC /* Sources */,
				3C0B7F13244B314100F698CC /* Frameworks */,
				3C0B7F14244B314100F698CC /* CopyFiles */,
			);
			buildRules = (
			);
			dependencies = (
			);
			name = "02_有效括号_leetcode_20";
			productName = "02_有效括号_leetcode_20";
			productReference = 3C0B7F16244B314100F698CC /* 02_有效括号_leetcode_20 */;
			productType = "com.apple.product-type.tool";
		};
		3C8EB695244EFFCF00A88001 /* 06_去除重复字母_Leetcode_316 */ = {
			isa = PBXNativeTarget;
			buildConfigurationList = 3C8EB69C244EFFCF00A88001 /* Build configuration list for PBXNativeTarget "06_去除重复字母_Leetcode_316" */;
			buildPhases = (
				3C8EB692244EFFCF00A88001 /* Sources */,
				3C8EB693244EFFCF00A88001 /* Frameworks */,
				3C8EB694244EFFCF00A88001 /* CopyFiles */,
			);
			buildRules = (
			);
			dependencies = (
			);
			name = "06_去除重复字母_Leetcode_316";
			productName = "06_去除重复字母_Leetcode_316";
			productReference = 3C8EB696244EFFCF00A88001 /* 06_去除重复字母_Leetcode_316 */;
			productType = "com.apple.product-type.tool";
		};
		3C8EB6A0244FF1FA00A88001 /* 07_字符串匹配_BF实现 */ = {
			isa = PBXNativeTarget;
			buildConfigurationList = 3C8EB6A7244FF1FA00A88001 /* Build configuration list for PBXNativeTarget "07_字符串匹配_BF实现" */;
			buildPhases = (
				3C8EB69D244FF1FA00A88001 /* Sources */,
				3C8EB69E244FF1FA00A88001 /* Frameworks */,
				3C8EB69F244FF1FA00A88001 /* CopyFiles */,
			);
			buildRules = (
			);
			dependencies = (
			);
			name = "07_字符串匹配_BF实现";
			productName = "07_字符串匹配_BF实现";
			productReference = 3C8EB6A1244FF1FA00A88001 /* 07_字符串匹配_BF实现 */;
			productType = "com.apple.product-type.tool";
		};
		3C8EB6AB245009D100A88001 /* 08_字符串匹配_RK实现 */ = {
			isa = PBXNativeTarget;
			buildConfigurationList = 3C8EB6B2245009D100A88001 /* Build configuration list for PBXNativeTarget "08_字符串匹配_RK实现" */;
			buildPhases = (
				3C8EB6A8245009D100A88001 /* Sources */,
				3C8EB6A9245009D100A88001 /* Frameworks */,
				3C8EB6AA245009D100A88001 /* CopyFiles */,
			);
			buildRules = (
			);
			dependencies = (
			);
			name = "08_字符串匹配_RK实现";
			productName = "08_字符串匹配_RK实现";
			productReference = 3C8EB6AC245009D100A88001 /* 08_字符串匹配_RK实现 */;
			productType = "com.apple.product-type.tool";
		};
		3CA5E2E8243EBC7100A0CC78 /* AlgorithmExercisesDemo */ = {
			isa = PBXNativeTarget;
			buildConfigurationList = 3CA5E2F0243EBC7100A0CC78 /* Build configuration list for PBXNativeTarget "AlgorithmExercisesDemo" */;
			buildPhases = (
				3CA5E2E5243EBC7100A0CC78 /* Sources */,
				3CA5E2E6243EBC7100A0CC78 /* Frameworks */,
				3CA5E2E7243EBC7100A0CC78 /* CopyFiles */,
			);
			buildRules = (
			);
			dependencies = (
			);
			name = AlgorithmExercisesDemo;
			productName = AlgorithmExercisesDemo;
			productReference = 3CA5E2E9243EBC7100A0CC78 /* AlgorithmExercisesDemo */;
			productType = "com.apple.product-type.tool";
		};
/* End PBXNativeTarget section */

/* Begin PBXProject section */
		3CA5E2E1243EBC7100A0CC78 /* Project object */ = {
			isa = PBXProject;
			attributes = {
				LastUpgradeCheck = 1140;
				ORGANIZATIONNAME = SK_Wang;
				TargetAttributes = {
					3C0B7EC8244AE3FD00F698CC = {
						CreatedOnToolsVersion = 11.4.1;
					};
					3C0B7EDE244B13FD00F698CC = {
						CreatedOnToolsVersion = 11.4.1;
					};
					3C0B7EE9244B17F500F698CC = {
						CreatedOnToolsVersion = 11.4.1;
					};
					3C0B7EF4244B1C8C00F698CC = {
						CreatedOnToolsVersion = 11.4.1;
					};
					3C0B7F0A244B311A00F698CC = {
						CreatedOnToolsVersion = 11.4.1;
					};
					3C0B7F15244B314100F698CC = {
						CreatedOnToolsVersion = 11.4.1;
					};
					3C8EB695244EFFCF00A88001 = {
						CreatedOnToolsVersion = 11.4.1;
					};
					3C8EB6A0244FF1FA00A88001 = {
						CreatedOnToolsVersion = 11.4.1;
					};
					3C8EB6AB245009D100A88001 = {
						CreatedOnToolsVersion = 11.4.1;
					};
					3CA5E2E8243EBC7100A0CC78 = {
						CreatedOnToolsVersion = 11.4;
					};
				};
			};
			buildConfigurationList = 3CA5E2E4243EBC7100A0CC78 /* Build configuration list for PBXProject "AlgorithmExercisesDemo" */;
			compatibilityVersion = "Xcode 9.3";
			developmentRegion = en;
			hasScannedForEncodings = 0;
			knownRegions = (
				en,
				Base,
			);
			mainGroup = 3CA5E2E0243EBC7100A0CC78;
			productRefGroup = 3CA5E2EA243EBC7100A0CC78 /* Products */;
			projectDirPath = "";
			projectRoot = "";
			targets = (
				3CA5E2E8243EBC7100A0CC78 /* AlgorithmExercisesDemo */,
				3C0B7EC8244AE3FD00F698CC /* 00_数制转换 */,
				3C0B7EDE244B13FD00F698CC /* 01_杨辉三角 */,
				3C0B7F15244B314100F698CC /* 02_有效括号_leetcode_20 */,
				3C0B7EE9244B17F500F698CC /* 03_爬楼梯 */,
				3C0B7EF4244B1C8C00F698CC /* 04_每日温度 */,
				3C0B7F0A244B311A00F698CC /* 05_字符串解码_leetcode_394 */,
				3C8EB695244EFFCF00A88001 /* 06_去除重复字母_Leetcode_316 */,
				3C8EB6A0244FF1FA00A88001 /* 07_字符串匹配_BF实现 */,
				3C8EB6AB245009D100A88001 /* 08_字符串匹配_RK实现 */,
			);
		};
/* End PBXProject section */

/* Begin PBXSourcesBuildPhase section */
		3C0B7EC5244AE3FD00F698CC /* Sources */ = {
			isa = PBXSourcesBuildPhase;
			buildActionMask = 2147483647;
			files = (
				3C0B7ECC244AE3FD00F698CC /* main.c in Sources */,
			);
			runOnlyForDeploymentPostprocessing = 0;
		};
		3C0B7EDB244B13FD00F698CC /* Sources */ = {
			isa = PBXSourcesBuildPhase;
			buildActionMask = 2147483647;
			files = (
				3C0B7EE2244B13FD00F698CC /* main.c in Sources */,
			);
			runOnlyForDeploymentPostprocessing = 0;
		};
		3C0B7EE6244B17F500F698CC /* Sources */ = {
			isa = PBXSourcesBuildPhase;
			buildActionMask = 2147483647;
			files = (
				3C0B7EED244B17F500F698CC /* main.c in Sources */,
			);
			runOnlyForDeploymentPostprocessing = 0;
		};
		3C0B7EF1244B1C8C00F698CC /* Sources */ = {
			isa = PBXSourcesBuildPhase;
			buildActionMask = 2147483647;
			files = (
				3C0B7EF8244B1C8C00F698CC /* main.c in Sources */,
			);
			runOnlyForDeploymentPostprocessing = 0;
		};
		3C0B7F07244B311A00F698CC /* Sources */ = {
			isa = PBXSourcesBuildPhase;
			buildActionMask = 2147483647;
			files = (
				3C0B7F0E244B311A00F698CC /* main.c in Sources */,
			);
			runOnlyForDeploymentPostprocessing = 0;
		};
		3C0B7F12244B314100F698CC /* Sources */ = {
			isa = PBXSourcesBuildPhase;
			buildActionMask = 2147483647;
			files = (
				3C0B7F19244B314100F698CC /* main.c in Sources */,
			);
			runOnlyForDeploymentPostprocessing = 0;
		};
		3C8EB692244EFFCF00A88001 /* Sources */ = {
			isa = PBXSourcesBuildPhase;
			buildActionMask = 2147483647;
			files = (
				3C8EB699244EFFCF00A88001 /* main.c in Sources */,
			);
			runOnlyForDeploymentPostprocessing = 0;
		};
		3C8EB69D244FF1FA00A88001 /* Sources */ = {
			isa = PBXSourcesBuildPhase;
			buildActionMask = 2147483647;
			files = (
				3C8EB6A4244FF1FA00A88001 /* main.c in Sources */,
			);
			runOnlyForDeploymentPostprocessing = 0;
		};
		3C8EB6A8245009D100A88001 /* Sources */ = {
			isa = PBXSourcesBuildPhase;
			buildActionMask = 2147483647;
			files = (
				3C8EB6AF245009D100A88001 /* main.c in Sources */,
			);
			runOnlyForDeploymentPostprocessing = 0;
		};
		3CA5E2E5243EBC7100A0CC78 /* Sources */ = {
			isa = PBXSourcesBuildPhase;
			buildActionMask = 2147483647;
			files = (
				3CA5E2ED243EBC7100A0CC78 /* main.c in Sources */,
			);
			runOnlyForDeploymentPostprocessing = 0;
		};
/* End PBXSourcesBuildPhase section */

/* Begin XCBuildConfiguration section */
		3C0B7ECD244AE3FD00F698CC /* Debug */ = {
			isa = XCBuildConfiguration;
			buildSettings = {
				CODE_SIGN_STYLE = Automatic;
				PRODUCT_NAME = "$(TARGET_NAME)";
			};
			name = Debug;
		};
		3C0B7ECE244AE3FD00F698CC /* Release */ = {
			isa = XCBuildConfiguration;
			buildSettings = {
				CODE_SIGN_STYLE = Automatic;
				PRODUCT_NAME = "$(TARGET_NAME)";
			};
			name = Release;
		};
		3C0B7EE4244B13FD00F698CC /* Debug */ = {
			isa = XCBuildConfiguration;
			buildSettings = {
				CODE_SIGN_STYLE = Automatic;
				PRODUCT_NAME = "$(TARGET_NAME)";
			};
			name = Debug;
		};
		3C0B7EE5244B13FD00F698CC /* Release */ = {
			isa = XCBuildConfiguration;
			buildSettings = {
				CODE_SIGN_STYLE = Automatic;
				PRODUCT_NAME = "$(TARGET_NAME)";
			};
			name = Release;
		};
		3C0B7EEF244B17F500F698CC /* Debug */ = {
			isa = XCBuildConfiguration;
			buildSettings = {
				CODE_SIGN_STYLE = Automatic;
				PRODUCT_NAME = "$(TARGET_NAME)";
			};
			name = Debug;
		};
		3C0B7EF0244B17F500F698CC /* Release */ = {
			isa = XCBuildConfiguration;
			buildSettings = {
				CODE_SIGN_STYLE = Automatic;
				PRODUCT_NAME = "$(TARGET_NAME)";
			};
			name = Release;
		};
		3C0B7EFA244B1C8C00F698CC /* Debug */ = {
			isa = XCBuildConfiguration;
			buildSettings = {
				CODE_SIGN_STYLE = Automatic;
				PRODUCT_NAME = "$(TARGET_NAME)";
			};
			name = Debug;
		};
		3C0B7EFB244B1C8C00F698CC /* Release */ = {
			isa = XCBuildConfiguration;
			buildSettings = {
				CODE_SIGN_STYLE = Automatic;
				PRODUCT_NAME = "$(TARGET_NAME)";
			};
			name = Release;
		};
		3C0B7F0F244B311A00F698CC /* Debug */ = {
			isa = XCBuildConfiguration;
			buildSettings = {
				CODE_SIGN_STYLE = Automatic;
				PRODUCT_NAME = "$(TARGET_NAME)";
			};
			name = Debug;
		};
		3C0B7F10244B311A00F698CC /* Release */ = {
			isa = XCBuildConfiguration;
			buildSettings = {
				CODE_SIGN_STYLE = Automatic;
				PRODUCT_NAME = "$(TARGET_NAME)";
			};
			name = Release;
		};
		3C0B7F1B244B314100F698CC /* Debug */ = {
			isa = XCBuildConfiguration;
			buildSettings = {
				CODE_SIGN_STYLE = Automatic;
				PRODUCT_NAME = "$(TARGET_NAME)";
			};
			name = Debug;
		};
		3C0B7F1C244B314100F698CC /* Release */ = {
			isa = XCBuildConfiguration;
			buildSettings = {
				CODE_SIGN_STYLE = Automatic;
				PRODUCT_NAME = "$(TARGET_NAME)";
			};
			name = Release;
		};
		3C8EB69A244EFFCF00A88001 /* Debug */ = {
			isa = XCBuildConfiguration;
			buildSettings = {
				CODE_SIGN_STYLE = Automatic;
				PRODUCT_NAME = "$(TARGET_NAME)";
			};
			name = Debug;
		};
		3C8EB69B244EFFCF00A88001 /* Release */ = {
			isa = XCBuildConfiguration;
			buildSettings = {
				CODE_SIGN_STYLE = Automatic;
				PRODUCT_NAME = "$(TARGET_NAME)";
			};
			name = Release;
		};
		3C8EB6A5244FF1FA00A88001 /* Debug */ = {
			isa = XCBuildConfiguration;
			buildSettings = {
				CODE_SIGN_STYLE = Automatic;
				PRODUCT_NAME = "$(TARGET_NAME)";
			};
			name = Debug;
		};
		3C8EB6A6244FF1FA00A88001 /* Release */ = {
			isa = XCBuildConfiguration;
			buildSettings = {
				CODE_SIGN_STYLE = Automatic;
				PRODUCT_NAME = "$(TARGET_NAME)";
			};
			name = Release;
		};
		3C8EB6B0245009D100A88001 /* Debug */ = {
			isa = XCBuildConfiguration;
			buildSettings = {
				CODE_SIGN_STYLE = Automatic;
				PRODUCT_NAME = "$(TARGET_NAME)";
			};
			name = Debug;
		};
		3C8EB6B1245009D100A88001 /* Release */ = {
			isa = XCBuildConfiguration;
			buildSettings = {
				CODE_SIGN_STYLE = Automatic;
				PRODUCT_NAME = "$(TARGET_NAME)";
			};
			name = Release;
		};
		3CA5E2EE243EBC7100A0CC78 /* Debug */ = {
			isa = XCBuildConfiguration;
			buildSettings = {
				ALWAYS_SEARCH_USER_PATHS = NO;
				CLANG_ANALYZER_NONNULL = YES;
				CLANG_ANALYZER_NUMBER_OBJECT_CONVERSION = YES_AGGRESSIVE;
				CLANG_CXX_LANGUAGE_STANDARD = "gnu++14";
				CLANG_CXX_LIBRARY = "libc++";
				CLANG_ENABLE_MODULES = YES;
				CLANG_ENABLE_OBJC_ARC = YES;
				CLANG_ENABLE_OBJC_WEAK = YES;
				CLANG_WARN_BLOCK_CAPTURE_AUTORELEASING = YES;
				CLANG_WARN_BOOL_CONVERSION = YES;
				CLANG_WARN_COMMA = YES;
				CLANG_WARN_CONSTANT_CONVERSION = YES;
				CLANG_WARN_DEPRECATED_OBJC_IMPLEMENTATIONS = YES;
				CLANG_WARN_DIRECT_OBJC_ISA_USAGE = YES_ERROR;
				CLANG_WARN_DOCUMENTATION_COMMENTS = YES;
				CLANG_WARN_EMPTY_BODY = YES;
				CLANG_WARN_ENUM_CONVERSION = YES;
				CLANG_WARN_INFINITE_RECURSION = YES;
				CLANG_WARN_INT_CONVERSION = YES;
				CLANG_WARN_NON_LITERAL_NULL_CONVERSION = YES;
				CLANG_WARN_OBJC_IMPLICIT_RETAIN_SELF = YES;
				CLANG_WARN_OBJC_LITERAL_CONVERSION = YES;
				CLANG_WARN_OBJC_ROOT_CLASS = YES_ERROR;
				CLANG_WARN_RANGE_LOOP_ANALYSIS = YES;
				CLANG_WARN_STRICT_PROTOTYPES = YES;
				CLANG_WARN_SUSPICIOUS_MOVE = YES;
				CLANG_WARN_UNGUARDED_AVAILABILITY = YES_AGGRESSIVE;
				CLANG_WARN_UNREACHABLE_CODE = YES;
				CLANG_WARN__DUPLICATE_METHOD_MATCH = YES;
				COPY_PHASE_STRIP = NO;
				DEBUG_INFORMATION_FORMAT = dwarf;
				ENABLE_STRICT_OBJC_MSGSEND = YES;
				ENABLE_TESTABILITY = YES;
				GCC_C_LANGUAGE_STANDARD = gnu11;
				GCC_DYNAMIC_NO_PIC = NO;
				GCC_NO_COMMON_BLOCKS = YES;
				GCC_OPTIMIZATION_LEVEL = 0;
				GCC_PREPROCESSOR_DEFINITIONS = (
					"DEBUG=1",
					"$(inherited)",
				);
				GCC_WARN_64_TO_32_BIT_CONVERSION = YES;
				GCC_WARN_ABOUT_RETURN_TYPE = YES_ERROR;
				GCC_WARN_UNDECLARED_SELECTOR = YES;
				GCC_WARN_UNINITIALIZED_AUTOS = YES_AGGRESSIVE;
				GCC_WARN_UNUSED_FUNCTION = YES;
				GCC_WARN_UNUSED_VARIABLE = YES;
				MACOSX_DEPLOYMENT_TARGET = 10.15;
				MTL_ENABLE_DEBUG_INFO = INCLUDE_SOURCE;
				MTL_FAST_MATH = YES;
				ONLY_ACTIVE_ARCH = YES;
				SDKROOT = macosx;
			};
			name = Debug;
		};
		3CA5E2EF243EBC7100A0CC78 /* Release */ = {
			isa = XCBuildConfiguration;
			buildSettings = {
				ALWAYS_SEARCH_USER_PATHS = NO;
				CLANG_ANALYZER_NONNULL = YES;
				CLANG_ANALYZER_NUMBER_OBJECT_CONVERSION = YES_AGGRESSIVE;
				CLANG_CXX_LANGUAGE_STANDARD = "gnu++14";
				CLANG_CXX_LIBRARY = "libc++";
				CLANG_ENABLE_MODULES = YES;
				CLANG_ENABLE_OBJC_ARC = YES;
				CLANG_ENABLE_OBJC_WEAK = YES;
				CLANG_WARN_BLOCK_CAPTURE_AUTORELEASING = YES;
				CLANG_WARN_BOOL_CONVERSION = YES;
				CLANG_WARN_COMMA = YES;
				CLANG_WARN_CONSTANT_CONVERSION = YES;
				CLANG_WARN_DEPRECATED_OBJC_IMPLEMENTATIONS = YES;
				CLANG_WARN_DIRECT_OBJC_ISA_USAGE = YES_ERROR;
				CLANG_WARN_DOCUMENTATION_COMMENTS = YES;
				CLANG_WARN_EMPTY_BODY = YES;
				CLANG_WARN_ENUM_CONVERSION = YES;
				CLANG_WARN_INFINITE_RECURSION = YES;
				CLANG_WARN_INT_CONVERSION = YES;
				CLANG_WARN_NON_LITERAL_NULL_CONVERSION = YES;
				CLANG_WARN_OBJC_IMPLICIT_RETAIN_SELF = YES;
				CLANG_WARN_OBJC_LITERAL_CONVERSION = YES;
				CLANG_WARN_OBJC_ROOT_CLASS = YES_ERROR;
				CLANG_WARN_RANGE_LOOP_ANALYSIS = YES;
				CLANG_WARN_STRICT_PROTOTYPES = YES;
				CLANG_WARN_SUSPICIOUS_MOVE = YES;
				CLANG_WARN_UNGUARDED_AVAILABILITY = YES_AGGRESSIVE;
				CLANG_WARN_UNREACHABLE_CODE = YES;
				CLANG_WARN__DUPLICATE_METHOD_MATCH = YES;
				COPY_PHASE_STRIP = NO;
				DEBUG_INFORMATION_FORMAT = "dwarf-with-dsym";
				ENABLE_NS_ASSERTIONS = NO;
				ENABLE_STRICT_OBJC_MSGSEND = YES;
				GCC_C_LANGUAGE_STANDARD = gnu11;
				GCC_NO_COMMON_BLOCKS = YES;
				GCC_WARN_64_TO_32_BIT_CONVERSION = YES;
				GCC_WARN_ABOUT_RETURN_TYPE = YES_ERROR;
				GCC_WARN_UNDECLARED_SELECTOR = YES;
				GCC_WARN_UNINITIALIZED_AUTOS = YES_AGGRESSIVE;
				GCC_WARN_UNUSED_FUNCTION = YES;
				GCC_WARN_UNUSED_VARIABLE = YES;
				MACOSX_DEPLOYMENT_TARGET = 10.15;
				MTL_ENABLE_DEBUG_INFO = NO;
				MTL_FAST_MATH = YES;
				SDKROOT = macosx;
			};
			name = Release;
		};
		3CA5E2F1243EBC7100A0CC78 /* Debug */ = {
			isa = XCBuildConfiguration;
			buildSettings = {
				CODE_SIGN_STYLE = Automatic;
				PRODUCT_NAME = "$(TARGET_NAME)";
			};
			name = Debug;
		};
		3CA5E2F2243EBC7100A0CC78 /* Release */ = {
			isa = XCBuildConfiguration;
			buildSettings = {
				CODE_SIGN_STYLE = Automatic;
				PRODUCT_NAME = "$(TARGET_NAME)";
			};
			name = Release;
		};
/* End XCBuildConfiguration section */

/* Begin XCConfigurationList section */
		3C0B7ECF244AE3FD00F698CC /* Build configuration list for PBXNativeTarget "00_数制转换" */ = {
			isa = XCConfigurationList;
			buildConfigurations = (
				3C0B7ECD244AE3FD00F698CC /* Debug */,
				3C0B7ECE244AE3FD00F698CC /* Release */,
			);
			defaultConfigurationIsVisible = 0;
			defaultConfigurationName = Release;
		};
		3C0B7EE3244B13FD00F698CC /* Build configuration list for PBXNativeTarget "01_杨辉三角" */ = {
			isa = XCConfigurationList;
			buildConfigurations = (
				3C0B7EE4244B13FD00F698CC /* Debug */,
				3C0B7EE5244B13FD00F698CC /* Release */,
			);
			defaultConfigurationIsVisible = 0;
			defaultConfigurationName = Release;
		};
		3C0B7EEE244B17F500F698CC /* Build configuration list for PBXNativeTarget "03_爬楼梯" */ = {
			isa = XCConfigurationList;
			buildConfigurations = (
				3C0B7EEF244B17F500F698CC /* Debug */,
				3C0B7EF0244B17F500F698CC /* Release */,
			);
			defaultConfigurationIsVisible = 0;
			defaultConfigurationName = Release;
		};
		3C0B7EF9244B1C8C00F698CC /* Build configuration list for PBXNativeTarget "04_每日温度" */ = {
			isa = XCConfigurationList;
			buildConfigurations = (
				3C0B7EFA244B1C8C00F698CC /* Debug */,
				3C0B7EFB244B1C8C00F698CC /* Release */,
			);
			defaultConfigurationIsVisible = 0;
			defaultConfigurationName = Release;
		};
		3C0B7F11244B311A00F698CC /* Build configuration list for PBXNativeTarget "05_字符串解码_leetcode_394" */ = {
			isa = XCConfigurationList;
			buildConfigurations = (
				3C0B7F0F244B311A00F698CC /* Debug */,
				3C0B7F10244B311A00F698CC /* Release */,
			);
			defaultConfigurationIsVisible = 0;
			defaultConfigurationName = Release;
		};
		3C0B7F1A244B314100F698CC /* Build configuration list for PBXNativeTarget "02_有效括号_leetcode_20" */ = {
			isa = XCConfigurationList;
			buildConfigurations = (
				3C0B7F1B244B314100F698CC /* Debug */,
				3C0B7F1C244B314100F698CC /* Release */,
			);
			defaultConfigurationIsVisible = 0;
			defaultConfigurationName = Release;
		};
		3C8EB69C244EFFCF00A88001 /* Build configuration list for PBXNativeTarget "06_去除重复字母_Leetcode_316" */ = {
			isa = XCConfigurationList;
			buildConfigurations = (
				3C8EB69A244EFFCF00A88001 /* Debug */,
				3C8EB69B244EFFCF00A88001 /* Release */,
			);
			defaultConfigurationIsVisible = 0;
			defaultConfigurationName = Release;
		};
		3C8EB6A7244FF1FA00A88001 /* Build configuration list for PBXNativeTarget "07_字符串匹配_BF实现" */ = {
			isa = XCConfigurationList;
			buildConfigurations = (
				3C8EB6A5244FF1FA00A88001 /* Debug */,
				3C8EB6A6244FF1FA00A88001 /* Release */,
			);
			defaultConfigurationIsVisible = 0;
			defaultConfigurationName = Release;
		};
		3C8EB6B2245009D100A88001 /* Build configuration list for PBXNativeTarget "08_字符串匹配_RK实现" */ = {
			isa = XCConfigurationList;
			buildConfigurations = (
				3C8EB6B0245009D100A88001 /* Debug */,
				3C8EB6B1245009D100A88001 /* Release */,
			);
			defaultConfigurationIsVisible = 0;
			defaultConfigurationName = Release;
		};
		3CA5E2E4243EBC7100A0CC78 /* Build configuration list for PBXProject "AlgorithmExercisesDemo" */ = {
			isa = XCConfigurationList;
			buildConfigurations = (
				3CA5E2EE243EBC7100A0CC78 /* Debug */,
				3CA5E2EF243EBC7100A0CC78 /* Release */,
			);
			defaultConfigurationIsVisible = 0;
			defaultConfigurationName = Release;
		};
		3CA5E2F0243EBC7100A0CC78 /* Build configuration list for PBXNativeTarget "AlgorithmExercisesDemo" */ = {
			isa = XCConfigurationList;
			buildConfigurations = (
				3CA5E2F1243EBC7100A0CC78 /* Debug */,
				3CA5E2F2243EBC7100A0CC78 /* Release */,
			);
			defaultConfigurationIsVisible = 0;
			defaultConfigurationName = Release;
		};
/* End XCConfigurationList section */
	};
	rootObject = 3CA5E2E1243EBC7100A0CC78 /* Project object */;
}
